
Microsoft Visual Studio Solution File, Format Version 12.00
# Visual Studio Version 16
VisualStudioVersion = 16.0.30114.105
MinimumVisualStudioVersion = 10.0.40219.1
Project("{FAE04EC0-301F-11D3-BF4B-00C04F79EFBC}") = "Penguin.Cms.Web.Security.Repositories.Local", "Penguin.Cms.Web.Security.Repositories.Local.csproj", "{F43B5DA0-8A30-40EC-BB54-07AFA5449B86}"
EndProject
Project("{FAE04EC0-301F-11D3-BF4B-00C04F79EFBC}") = "Penguin.Cms.Web.Security.Local", "..\Penguin.Cms.Web.Security\Penguin.Cms.Web.Security.Local.csproj", "{8F7B75D4-7E2D-4C40-B9C3-0BAA98E86EF9}"
EndProject
Project("{FAE04EC0-301F-11D3-BF4B-00C04F79EFBC}") = "Penguin.Messaging.Persistence.Local", "..\Penguin.Messaging.Persistence\Penguin.Messaging.Persistence.Local.csproj", "{D918D96D-92C3-4C71-954A-2E12303F3625}"
EndProject
Project("{FAE04EC0-301F-11D3-BF4B-00C04F79EFBC}") = "Penguin.Messaging.Abstractions.Local", "..\Penguin.Messaging.Abstractions\Penguin.Messaging.Abstractions.Local.csproj", "{1FE344E9-2F62-4DB9-8813-A5D62698CA2A}"
EndProject
Project("{FAE04EC0-301F-11D3-BF4B-00C04F79EFBC}") = "Penguin.Web.Extensions.Local", "..\Penguin.Web.Extensions\Penguin.Web.Extensions.Local.csproj", "{8D73999C-7CCE-4092-8B81-2D1992D955C3}"
EndProject
Project("{FAE04EC0-301F-11D3-BF4B-00C04F79EFBC}") = "Penguin.Extensions.Collections.Local", "..\Penguin.Extensions.Collections\Penguin.Extensions.Collections.Local.csproj", "{85791874-4F45-49B0-98AC-00D11A3C6DA4}"
EndProject
Project("{FAE04EC0-301F-11D3-BF4B-00C04F79EFBC}") = "Penguin.Reflection.Extensions.Local", "..\Penguin.Reflection.Extensions\Penguin.Reflection.Extensions.Local.csproj", "{A939DB2F-6EE7-4DD5-972B-51A6779BE411}"
EndProject
Project("{FAE04EC0-301F-11D3-BF4B-00C04F79EFBC}") = "Penguin.Reflection.Abstractions.Local", "..\Penguin.Reflection.Abstractions\Penguin.Reflection.Abstractions.Local.csproj", "{BC9A4455-61AD-4856-8E0D-E830BD5FA41F}"
EndProject
Project("{FAE04EC0-301F-11D3-BF4B-00C04F79EFBC}") = "Penguin.Extensions.String.Local", "..\Penguin.Extensions.String\Penguin.Extensions.String.Local.csproj", "{52350DB9-E552-4FC1-9BCF-10B18E84A21B}"
EndProject
Project("{FAE04EC0-301F-11D3-BF4B-00C04F79EFBC}") = "Penguin.Cms.Security.Local", "..\Penguin.Cms.Security\Penguin.Cms.Security.Local.csproj", "{BB12FE26-FDC7-4F65-B932-34E9F3B321A2}"
EndProject
Project("{FAE04EC0-301F-11D3-BF4B-00C04F79EFBC}") = "Penguin.Auditing.Abstractions.Local", "..\Penguin.Auditing.Abstractions\Penguin.Auditing.Abstractions.Local.csproj", "{33CC14D2-37E1-4DB7-A461-22812B5288AD}"
EndProject
Project("{FAE04EC0-301F-11D3-BF4B-00C04F79EFBC}") = "Penguin.Cms.Email.Abstractions.Local", "..\Penguin.Cms.Email.Abstractions\Penguin.Cms.Email.Abstractions.Local.csproj", "{C1615641-F4D6-4BA7-AAFA-40F8C523C8F1}"
EndProject
Project("{FAE04EC0-301F-11D3-BF4B-00C04F79EFBC}") = "Penguin.Email.Abstractions.Local", "..\Penguin.Email.Abstractions\Penguin.Email.Abstractions.Local.csproj", "{D7079C62-8A3E-4E71-A0DF-8D02B74D7AA0}"
EndProject
Project("{FAE04EC0-301F-11D3-BF4B-00C04F79EFBC}") = "Penguin.Files.Abstractions.Local", "..\Penguin.Files.Abstractions\Penguin.Files.Abstractions.Local.csproj", "{BF5B1AAF-0D30-4443-9E2A-9C03CF56AE8F}"
EndProject
Project("{FAE04EC0-301F-11D3-BF4B-00C04F79EFBC}") = "Penguin.Email.Templating.Abstractions.Local", "..\Penguin.Email.Templating.Abstractions\Penguin.Email.Templating.Abstractions.Local.csproj", "{8C07D5DF-B57F-4BEF-96B7-D3CFF2818854}"
EndProject
Project("{FAE04EC0-301F-11D3-BF4B-00C04F79EFBC}") = "Penguin.Templating.Abstractions.Local", "..\Penguin.Templating.Abstractions\Penguin.Templating.Abstractions.Local.csproj", "{9839B406-D7A2-4A93-8C25-6754919A5AC6}"
EndProject
Project("{FAE04EC0-301F-11D3-BF4B-00C04F79EFBC}") = "Penguin.Security.Abstractions.Local", "..\Penguin.Security.Abstractions\Penguin.Security.Abstractions.Local.csproj", "{71275C88-27A4-408B-97A6-17BB5A3D1237}"
EndProject
Project("{FAE04EC0-301F-11D3-BF4B-00C04F79EFBC}") = "Penguin.Cms.Abstractions.Local", "..\Penguin.Cms.Abstractions\Penguin.Cms.Abstractions.Local.csproj", "{8A833E36-98C8-47F3-AFA4-FF9D0F7A9AD4}"
EndProject
Project("{FAE04EC0-301F-11D3-BF4B-00C04F79EFBC}") = "Penguin.DependencyInjection.Abstractions.Local", "..\Penguin.DependencyInjection.Abstractions\Penguin.DependencyInjection.Abstractions.Local.csproj", "{4632F5EC-B727-46A2-AA50-FB4E4BB326A3}"
EndProject
Project("{FAE04EC0-301F-11D3-BF4B-00C04F79EFBC}") = "Penguin.Persistence.Abstractions.Local", "..\Penguin.Persistence.Abstractions\Penguin.Persistence.Abstractions.Local.csproj", "{4CE3453C-414D-412C-9DB9-8348734788EF}"
EndProject
Project("{FAE04EC0-301F-11D3-BF4B-00C04F79EFBC}") = "Penguin.Entities.Abstractions.Local", "..\Penguin.Entities.Abstractions\Penguin.Entities.Abstractions.Local.csproj", "{A2F28AFE-8290-42E6-BB5E-0D8892EB91AF}"
EndProject
Project("{FAE04EC0-301F-11D3-BF4B-00C04F79EFBC}") = "Penguin.Cms.Entities.Local", "..\Penguin.Cms.Entities\Penguin.Cms.Entities.Local.csproj", "{664253C3-CF95-4063-A815-A4E7A4509D6D}"
EndProject
Project("{FAE04EC0-301F-11D3-BF4B-00C04F79EFBC}") = "Penguin.Cms.Repositories.Local", "..\Penguin.Cms.Repositories\Penguin.Cms.Repositories.Local.csproj", "{23BFB1E8-3F77-4B73-BB20-133E8418190F}"
EndProject
Project("{FAE04EC0-301F-11D3-BF4B-00C04F79EFBC}") = "Penguin.Persistence.Repositories.Local", "..\Penguin.Persistence.Repositories\Penguin.Persistence.Repositories.Local.csproj", "{4023490B-4A83-4668-80D6-09E9312FB9BB}"
EndProject
Project("{FAE04EC0-301F-11D3-BF4B-00C04F79EFBC}") = "Penguin.Messaging.Core.Local", "..\Penguin.Messaging.Core\Penguin.Messaging.Core.Local.csproj", "{77BF7E24-46E1-4E48-A195-6DDB959000ED}"
EndProject
Project("{FAE04EC0-301F-11D3-BF4B-00C04F79EFBC}") = "Penguin.Debugging.Local", "..\Penguin.Debugging\Penguin.Debugging.Local.csproj", "{DF1A084D-A828-4E63-8731-89B0A462C3D7}"
EndProject
Project("{FAE04EC0-301F-11D3-BF4B-00C04F79EFBC}") = "Penguin.Extensions.Exceptions.Local", "..\Penguin.Extensions.Exceptions\Penguin.Extensions.Exceptions.Local.csproj", "{A559E171-D96F-440E-83BA-9119E7A4A1E9}"
EndProject
Project("{FAE04EC0-301F-11D3-BF4B-00C04F79EFBC}") = "Penguin.Reflection.Local", "..\Penguin.Reflection\Penguin.Reflection.Local.csproj", "{DA3745F1-6E10-4A87-A7DF-45470F5C8853}"
EndProject
Global
	GlobalSection(SolutionConfigurationPlatforms) = preSolution
		Debug|Any CPU = Debug|Any CPU
		Debug|x64 = Debug|x64
		Debug|x86 = Debug|x86
		Release|Any CPU = Release|Any CPU
		Release|x64 = Release|x64
		Release|x86 = Release|x86
	EndGlobalSection
	GlobalSection(SolutionProperties) = preSolution
		HideSolutionNode = FALSE
	EndGlobalSection
	GlobalSection(ProjectConfigurationPlatforms) = postSolution
		{F43B5DA0-8A30-40EC-BB54-07AFA5449B86}.Debug|Any CPU.ActiveCfg = Debug|Any CPU
		{F43B5DA0-8A30-40EC-BB54-07AFA5449B86}.Debug|Any CPU.Build.0 = Debug|Any CPU
		{F43B5DA0-8A30-40EC-BB54-07AFA5449B86}.Debug|x64.ActiveCfg = Debug|Any CPU
		{F43B5DA0-8A30-40EC-BB54-07AFA5449B86}.Debug|x64.Build.0 = Debug|Any CPU
		{F43B5DA0-8A30-40EC-BB54-07AFA5449B86}.Debug|x86.ActiveCfg = Debug|Any CPU
		{F43B5DA0-8A30-40EC-BB54-07AFA5449B86}.Debug|x86.Build.0 = Debug|Any CPU
		{F43B5DA0-8A30-40EC-BB54-07AFA5449B86}.Release|Any CPU.ActiveCfg = Release|Any CPU
		{F43B5DA0-8A30-40EC-BB54-07AFA5449B86}.Release|Any CPU.Build.0 = Release|Any CPU
		{F43B5DA0-8A30-40EC-BB54-07AFA5449B86}.Release|x64.ActiveCfg = Release|Any CPU
		{F43B5DA0-8A30-40EC-BB54-07AFA5449B86}.Release|x64.Build.0 = Release|Any CPU
		{F43B5DA0-8A30-40EC-BB54-07AFA5449B86}.Release|x86.ActiveCfg = Release|Any CPU
		{F43B5DA0-8A30-40EC-BB54-07AFA5449B86}.Release|x86.Build.0 = Release|Any CPU
		{8F7B75D4-7E2D-4C40-B9C3-0BAA98E86EF9}.Debug|Any CPU.ActiveCfg = Debug|Any CPU
		{8F7B75D4-7E2D-4C40-B9C3-0BAA98E86EF9}.Debug|Any CPU.Build.0 = Debug|Any CPU
		{8F7B75D4-7E2D-4C40-B9C3-0BAA98E86EF9}.Debug|x64.ActiveCfg = Debug|Any CPU
		{8F7B75D4-7E2D-4C40-B9C3-0BAA98E86EF9}.Debug|x64.Build.0 = Debug|Any CPU
		{8F7B75D4-7E2D-4C40-B9C3-0BAA98E86EF9}.Debug|x86.ActiveCfg = Debug|Any CPU
		{8F7B75D4-7E2D-4C40-B9C3-0BAA98E86EF9}.Debug|x86.Build.0 = Debug|Any CPU
		{8F7B75D4-7E2D-4C40-B9C3-0BAA98E86EF9}.Release|Any CPU.ActiveCfg = Release|Any CPU
		{8F7B75D4-7E2D-4C40-B9C3-0BAA98E86EF9}.Release|Any CPU.Build.0 = Release|Any CPU
		{8F7B75D4-7E2D-4C40-B9C3-0BAA98E86EF9}.Release|x64.ActiveCfg = Release|Any CPU
		{8F7B75D4-7E2D-4C40-B9C3-0BAA98E86EF9}.Release|x64.Build.0 = Release|Any CPU
		{8F7B75D4-7E2D-4C40-B9C3-0BAA98E86EF9}.Release|x86.ActiveCfg = Release|Any CPU
		{8F7B75D4-7E2D-4C40-B9C3-0BAA98E86EF9}.Release|x86.Build.0 = Release|Any CPU
		{D918D96D-92C3-4C71-954A-2E12303F3625}.Debug|Any CPU.ActiveCfg = Debug|Any CPU
		{D918D96D-92C3-4C71-954A-2E12303F3625}.Debug|Any CPU.Build.0 = Debug|Any CPU
		{D918D96D-92C3-4C71-954A-2E12303F3625}.Debug|x64.ActiveCfg = Debug|Any CPU
		{D918D96D-92C3-4C71-954A-2E12303F3625}.Debug|x64.Build.0 = Debug|Any CPU
		{D918D96D-92C3-4C71-954A-2E12303F3625}.Debug|x86.ActiveCfg = Debug|Any CPU
		{D918D96D-92C3-4C71-954A-2E12303F3625}.Debug|x86.Build.0 = Debug|Any CPU
		{D918D96D-92C3-4C71-954A-2E12303F3625}.Release|Any CPU.ActiveCfg = Release|Any CPU
		{D918D96D-92C3-4C71-954A-2E12303F3625}.Release|Any CPU.Build.0 = Release|Any CPU
		{D918D96D-92C3-4C71-954A-2E12303F3625}.Release|x64.ActiveCfg = Release|Any CPU
		{D918D96D-92C3-4C71-954A-2E12303F3625}.Release|x64.Build.0 = Release|Any CPU
		{D918D96D-92C3-4C71-954A-2E12303F3625}.Release|x86.ActiveCfg = Release|Any CPU
		{D918D96D-92C3-4C71-954A-2E12303F3625}.Release|x86.Build.0 = Release|Any CPU
		{1FE344E9-2F62-4DB9-8813-A5D62698CA2A}.Debug|Any CPU.ActiveCfg = Debug|Any CPU
		{1FE344E9-2F62-4DB9-8813-A5D62698CA2A}.Debug|Any CPU.Build.0 = Debug|Any CPU
		{1FE344E9-2F62-4DB9-8813-A5D62698CA2A}.Debug|x64.ActiveCfg = Debug|Any CPU
		{1FE344E9-2F62-4DB9-8813-A5D62698CA2A}.Debug|x64.Build.0 = Debug|Any CPU
		{1FE344E9-2F62-4DB9-8813-A5D62698CA2A}.Debug|x86.ActiveCfg = Debug|Any CPU
		{1FE344E9-2F62-4DB9-8813-A5D62698CA2A}.Debug|x86.Build.0 = Debug|Any CPU
		{1FE344E9-2F62-4DB9-8813-A5D62698CA2A}.Release|Any CPU.ActiveCfg = Release|Any CPU
		{1FE344E9-2F62-4DB9-8813-A5D62698CA2A}.Release|Any CPU.Build.0 = Release|Any CPU
		{1FE344E9-2F62-4DB9-8813-A5D62698CA2A}.Release|x64.ActiveCfg = Release|Any CPU
		{1FE344E9-2F62-4DB9-8813-A5D62698CA2A}.Release|x64.Build.0 = Release|Any CPU
		{1FE344E9-2F62-4DB9-8813-A5D62698CA2A}.Release|x86.ActiveCfg = Release|Any CPU
		{1FE344E9-2F62-4DB9-8813-A5D62698CA2A}.Release|x86.Build.0 = Release|Any CPU
		{8D73999C-7CCE-4092-8B81-2D1992D955C3}.Debug|Any CPU.ActiveCfg = Debug|Any CPU
		{8D73999C-7CCE-4092-8B81-2D1992D955C3}.Debug|Any CPU.Build.0 = Debug|Any CPU
		{8D73999C-7CCE-4092-8B81-2D1992D955C3}.Debug|x64.ActiveCfg = Debug|Any CPU
		{8D73999C-7CCE-4092-8B81-2D1992D955C3}.Debug|x64.Build.0 = Debug|Any CPU
		{8D73999C-7CCE-4092-8B81-2D1992D955C3}.Debug|x86.ActiveCfg = Debug|Any CPU
		{8D73999C-7CCE-4092-8B81-2D1992D955C3}.Debug|x86.Build.0 = Debug|Any CPU
		{8D73999C-7CCE-4092-8B81-2D1992D955C3}.Release|Any CPU.ActiveCfg = Release|Any CPU
		{8D73999C-7CCE-4092-8B81-2D1992D955C3}.Release|Any CPU.Build.0 = Release|Any CPU
		{8D73999C-7CCE-4092-8B81-2D1992D955C3}.Release|x64.ActiveCfg = Release|Any CPU
		{8D73999C-7CCE-4092-8B81-2D1992D955C3}.Release|x64.Build.0 = Release|Any CPU
		{8D73999C-7CCE-4092-8B81-2D1992D955C3}.Release|x86.ActiveCfg = Release|Any CPU
		{8D73999C-7CCE-4092-8B81-2D1992D955C3}.Release|x86.Build.0 = Release|Any CPU
		{85791874-4F45-49B0-98AC-00D11A3C6DA4}.Debug|Any CPU.ActiveCfg = Debug|Any CPU
		{85791874-4F45-49B0-98AC-00D11A3C6DA4}.Debug|Any CPU.Build.0 = Debug|Any CPU
		{85791874-4F45-49B0-98AC-00D11A3C6DA4}.Debug|x64.ActiveCfg = Debug|Any CPU
		{85791874-4F45-49B0-98AC-00D11A3C6DA4}.Debug|x64.Build.0 = Debug|Any CPU
		{85791874-4F45-49B0-98AC-00D11A3C6DA4}.Debug|x86.ActiveCfg = Debug|Any CPU
		{85791874-4F45-49B0-98AC-00D11A3C6DA4}.Debug|x86.Build.0 = Debug|Any CPU
		{85791874-4F45-49B0-98AC-00D11A3C6DA4}.Release|Any CPU.ActiveCfg = Release|Any CPU
		{85791874-4F45-49B0-98AC-00D11A3C6DA4}.Release|Any CPU.Build.0 = Release|Any CPU
		{85791874-4F45-49B0-98AC-00D11A3C6DA4}.Release|x64.ActiveCfg = Release|Any CPU
		{85791874-4F45-49B0-98AC-00D11A3C6DA4}.Release|x64.Build.0 = Release|Any CPU
		{85791874-4F45-49B0-98AC-00D11A3C6DA4}.Release|x86.ActiveCfg = Release|Any CPU
		{85791874-4F45-49B0-98AC-00D11A3C6DA4}.Release|x86.Build.0 = Release|Any CPU
		{A939DB2F-6EE7-4DD5-972B-51A6779BE411}.Debug|Any CPU.ActiveCfg = Debug|Any CPU
		{A939DB2F-6EE7-4DD5-972B-51A6779BE411}.Debug|Any CPU.Build.0 = Debug|Any CPU
		{A939DB2F-6EE7-4DD5-972B-51A6779BE411}.Debug|x64.ActiveCfg = Debug|Any CPU
		{A939DB2F-6EE7-4DD5-972B-51A6779BE411}.Debug|x64.Build.0 = Debug|Any CPU
		{A939DB2F-6EE7-4DD5-972B-51A6779BE411}.Debug|x86.ActiveCfg = Debug|Any CPU
		{A939DB2F-6EE7-4DD5-972B-51A6779BE411}.Debug|x86.Build.0 = Debug|Any CPU
		{A939DB2F-6EE7-4DD5-972B-51A6779BE411}.Release|Any CPU.ActiveCfg = Release|Any CPU
		{A939DB2F-6EE7-4DD5-972B-51A6779BE411}.Release|Any CPU.Build.0 = Release|Any CPU
		{A939DB2F-6EE7-4DD5-972B-51A6779BE411}.Release|x64.ActiveCfg = Release|Any CPU
		{A939DB2F-6EE7-4DD5-972B-51A6779BE411}.Release|x64.Build.0 = Release|Any CPU
		{A939DB2F-6EE7-4DD5-972B-51A6779BE411}.Release|x86.ActiveCfg = Release|Any CPU
		{A939DB2F-6EE7-4DD5-972B-51A6779BE411}.Release|x86.Build.0 = Release|Any CPU
		{BC9A4455-61AD-4856-8E0D-E830BD5FA41F}.Debug|Any CPU.ActiveCfg = Debug|Any CPU
		{BC9A4455-61AD-4856-8E0D-E830BD5FA41F}.Debug|Any CPU.Build.0 = Debug|Any CPU
		{BC9A4455-61AD-4856-8E0D-E830BD5FA41F}.Debug|x64.ActiveCfg = Debug|Any CPU
		{BC9A4455-61AD-4856-8E0D-E830BD5FA41F}.Debug|x64.Build.0 = Debug|Any CPU
		{BC9A4455-61AD-4856-8E0D-E830BD5FA41F}.Debug|x86.ActiveCfg = Debug|Any CPU
		{BC9A4455-61AD-4856-8E0D-E830BD5FA41F}.Debug|x86.Build.0 = Debug|Any CPU
		{BC9A4455-61AD-4856-8E0D-E830BD5FA41F}.Release|Any CPU.ActiveCfg = Release|Any CPU
		{BC9A4455-61AD-4856-8E0D-E830BD5FA41F}.Release|Any CPU.Build.0 = Release|Any CPU
		{BC9A4455-61AD-4856-8E0D-E830BD5FA41F}.Release|x64.ActiveCfg = Release|Any CPU
		{BC9A4455-61AD-4856-8E0D-E830BD5FA41F}.Release|x64.Build.0 = Release|Any CPU
		{BC9A4455-61AD-4856-8E0D-E830BD5FA41F}.Release|x86.ActiveCfg = Release|Any CPU
		{BC9A4455-61AD-4856-8E0D-E830BD5FA41F}.Release|x86.Build.0 = Release|Any CPU
		{52350DB9-E552-4FC1-9BCF-10B18E84A21B}.Debug|Any CPU.ActiveCfg = Debug|Any CPU
		{52350DB9-E552-4FC1-9BCF-10B18E84A21B}.Debug|Any CPU.Build.0 = Debug|Any CPU
		{52350DB9-E552-4FC1-9BCF-10B18E84A21B}.Debug|x64.ActiveCfg = Debug|Any CPU
		{52350DB9-E552-4FC1-9BCF-10B18E84A21B}.Debug|x64.Build.0 = Debug|Any CPU
		{52350DB9-E552-4FC1-9BCF-10B18E84A21B}.Debug|x86.ActiveCfg = Debug|Any CPU
		{52350DB9-E552-4FC1-9BCF-10B18E84A21B}.Debug|x86.Build.0 = Debug|Any CPU
		{52350DB9-E552-4FC1-9BCF-10B18E84A21B}.Release|Any CPU.ActiveCfg = Release|Any CPU
		{52350DB9-E552-4FC1-9BCF-10B18E84A21B}.Release|Any CPU.Build.0 = Release|Any CPU
		{52350DB9-E552-4FC1-9BCF-10B18E84A21B}.Release|x64.ActiveCfg = Release|Any CPU
		{52350DB9-E552-4FC1-9BCF-10B18E84A21B}.Release|x64.Build.0 = Release|Any CPU
		{52350DB9-E552-4FC1-9BCF-10B18E84A21B}.Release|x86.ActiveCfg = Release|Any CPU
		{52350DB9-E552-4FC1-9BCF-10B18E84A21B}.Release|x86.Build.0 = Release|Any CPU
		{BB12FE26-FDC7-4F65-B932-34E9F3B321A2}.Debug|Any CPU.ActiveCfg = Debug|Any CPU
		{BB12FE26-FDC7-4F65-B932-34E9F3B321A2}.Debug|Any CPU.Build.0 = Debug|Any CPU
		{BB12FE26-FDC7-4F65-B932-34E9F3B321A2}.Debug|x64.ActiveCfg = Debug|Any CPU
		{BB12FE26-FDC7-4F65-B932-34E9F3B321A2}.Debug|x64.Build.0 = Debug|Any CPU
		{BB12FE26-FDC7-4F65-B932-34E9F3B321A2}.Debug|x86.ActiveCfg = Debug|Any CPU
		{BB12FE26-FDC7-4F65-B932-34E9F3B321A2}.Debug|x86.Build.0 = Debug|Any CPU
		{BB12FE26-FDC7-4F65-B932-34E9F3B321A2}.Release|Any CPU.ActiveCfg = Release|Any CPU
		{BB12FE26-FDC7-4F65-B932-34E9F3B321A2}.Release|Any CPU.Build.0 = Release|Any CPU
		{BB12FE26-FDC7-4F65-B932-34E9F3B321A2}.Release|x64.ActiveCfg = Release|Any CPU
		{BB12FE26-FDC7-4F65-B932-34E9F3B321A2}.Release|x64.Build.0 = Release|Any CPU
		{BB12FE26-FDC7-4F65-B932-34E9F3B321A2}.Release|x86.ActiveCfg = Release|Any CPU
		{BB12FE26-FDC7-4F65-B932-34E9F3B321A2}.Release|x86.Build.0 = Release|Any CPU
		{33CC14D2-37E1-4DB7-A461-22812B5288AD}.Debug|Any CPU.ActiveCfg = Debug|Any CPU
		{33CC14D2-37E1-4DB7-A461-22812B5288AD}.Debug|Any CPU.Build.0 = Debug|Any CPU
		{33CC14D2-37E1-4DB7-A461-22812B5288AD}.Debug|x64.ActiveCfg = Debug|Any CPU
		{33CC14D2-37E1-4DB7-A461-22812B5288AD}.Debug|x64.Build.0 = Debug|Any CPU
		{33CC14D2-37E1-4DB7-A461-22812B5288AD}.Debug|x86.ActiveCfg = Debug|Any CPU
		{33CC14D2-37E1-4DB7-A461-22812B5288AD}.Debug|x86.Build.0 = Debug|Any CPU
		{33CC14D2-37E1-4DB7-A461-22812B5288AD}.Release|Any CPU.ActiveCfg = Release|Any CPU
		{33CC14D2-37E1-4DB7-A461-22812B5288AD}.Release|Any CPU.Build.0 = Release|Any CPU
		{33CC14D2-37E1-4DB7-A461-22812B5288AD}.Release|x64.ActiveCfg = Release|Any CPU
		{33CC14D2-37E1-4DB7-A461-22812B5288AD}.Release|x64.Build.0 = Release|Any CPU
		{33CC14D2-37E1-4DB7-A461-22812B5288AD}.Release|x86.ActiveCfg = Release|Any CPU
		{33CC14D2-37E1-4DB7-A461-22812B5288AD}.Release|x86.Build.0 = Release|Any CPU
		{C1615641-F4D6-4BA7-AAFA-40F8C523C8F1}.Debug|Any CPU.ActiveCfg = Debug|Any CPU
		{C1615641-F4D6-4BA7-AAFA-40F8C523C8F1}.Debug|Any CPU.Build.0 = Debug|Any CPU
		{C1615641-F4D6-4BA7-AAFA-40F8C523C8F1}.Debug|x64.ActiveCfg = Debug|Any CPU
		{C1615641-F4D6-4BA7-AAFA-40F8C523C8F1}.Debug|x64.Build.0 = Debug|Any CPU
		{C1615641-F4D6-4BA7-AAFA-40F8C523C8F1}.Debug|x86.ActiveCfg = Debug|Any CPU
		{C1615641-F4D6-4BA7-AAFA-40F8C523C8F1}.Debug|x86.Build.0 = Debug|Any CPU
		{C1615641-F4D6-4BA7-AAFA-40F8C523C8F1}.Release|Any CPU.ActiveCfg = Release|Any CPU
		{C1615641-F4D6-4BA7-AAFA-40F8C523C8F1}.Release|Any CPU.Build.0 = Release|Any CPU
		{C1615641-F4D6-4BA7-AAFA-40F8C523C8F1}.Release|x64.ActiveCfg = Release|Any CPU
		{C1615641-F4D6-4BA7-AAFA-40F8C523C8F1}.Release|x64.Build.0 = Release|Any CPU
		{C1615641-F4D6-4BA7-AAFA-40F8C523C8F1}.Release|x86.ActiveCfg = Release|Any CPU
		{C1615641-F4D6-4BA7-AAFA-40F8C523C8F1}.Release|x86.Build.0 = Release|Any CPU
		{D7079C62-8A3E-4E71-A0DF-8D02B74D7AA0}.Debug|Any CPU.ActiveCfg = Debug|Any CPU
		{D7079C62-8A3E-4E71-A0DF-8D02B74D7AA0}.Debug|Any CPU.Build.0 = Debug|Any CPU
		{D7079C62-8A3E-4E71-A0DF-8D02B74D7AA0}.Debug|x64.ActiveCfg = Debug|Any CPU
		{D7079C62-8A3E-4E71-A0DF-8D02B74D7AA0}.Debug|x64.Build.0 = Debug|Any CPU
		{D7079C62-8A3E-4E71-A0DF-8D02B74D7AA0}.Debug|x86.ActiveCfg = Debug|Any CPU
		{D7079C62-8A3E-4E71-A0DF-8D02B74D7AA0}.Debug|x86.Build.0 = Debug|Any CPU
		{D7079C62-8A3E-4E71-A0DF-8D02B74D7AA0}.Release|Any CPU.ActiveCfg = Release|Any CPU
		{D7079C62-8A3E-4E71-A0DF-8D02B74D7AA0}.Release|Any CPU.Build.0 = Release|Any CPU
		{D7079C62-8A3E-4E71-A0DF-8D02B74D7AA0}.Release|x64.ActiveCfg = Release|Any CPU
		{D7079C62-8A3E-4E71-A0DF-8D02B74D7AA0}.Release|x64.Build.0 = Release|Any CPU
		{D7079C62-8A3E-4E71-A0DF-8D02B74D7AA0}.Release|x86.ActiveCfg = Release|Any CPU
		{D7079C62-8A3E-4E71-A0DF-8D02B74D7AA0}.Release|x86.Build.0 = Release|Any CPU
		{BF5B1AAF-0D30-4443-9E2A-9C03CF56AE8F}.Debug|Any CPU.ActiveCfg = Debug|Any CPU
		{BF5B1AAF-0D30-4443-9E2A-9C03CF56AE8F}.Debug|Any CPU.Build.0 = Debug|Any CPU
		{BF5B1AAF-0D30-4443-9E2A-9C03CF56AE8F}.Debug|x64.ActiveCfg = Debug|Any CPU
		{BF5B1AAF-0D30-4443-9E2A-9C03CF56AE8F}.Debug|x64.Build.0 = Debug|Any CPU
		{BF5B1AAF-0D30-4443-9E2A-9C03CF56AE8F}.Debug|x86.ActiveCfg = Debug|Any CPU
		{BF5B1AAF-0D30-4443-9E2A-9C03CF56AE8F}.Debug|x86.Build.0 = Debug|Any CPU
		{BF5B1AAF-0D30-4443-9E2A-9C03CF56AE8F}.Release|Any CPU.ActiveCfg = Release|Any CPU
		{BF5B1AAF-0D30-4443-9E2A-9C03CF56AE8F}.Release|Any CPU.Build.0 = Release|Any CPU
		{BF5B1AAF-0D30-4443-9E2A-9C03CF56AE8F}.Release|x64.ActiveCfg = Release|Any CPU
		{BF5B1AAF-0D30-4443-9E2A-9C03CF56AE8F}.Release|x64.Build.0 = Release|Any CPU
		{BF5B1AAF-0D30-4443-9E2A-9C03CF56AE8F}.Release|x86.ActiveCfg = Release|Any CPU
		{BF5B1AAF-0D30-4443-9E2A-9C03CF56AE8F}.Release|x86.Build.0 = Release|Any CPU
		{8C07D5DF-B57F-4BEF-96B7-D3CFF2818854}.Debug|Any CPU.ActiveCfg = Debug|Any CPU
		{8C07D5DF-B57F-4BEF-96B7-D3CFF2818854}.Debug|Any CPU.Build.0 = Debug|Any CPU
		{8C07D5DF-B57F-4BEF-96B7-D3CFF2818854}.Debug|x64.ActiveCfg = Debug|Any CPU
		{8C07D5DF-B57F-4BEF-96B7-D3CFF2818854}.Debug|x64.Build.0 = Debug|Any CPU
		{8C07D5DF-B57F-4BEF-96B7-D3CFF2818854}.Debug|x86.ActiveCfg = Debug|Any CPU
		{8C07D5DF-B57F-4BEF-96B7-D3CFF2818854}.Debug|x86.Build.0 = Debug|Any CPU
		{8C07D5DF-B57F-4BEF-96B7-D3CFF2818854}.Release|Any CPU.ActiveCfg = Release|Any CPU
		{8C07D5DF-B57F-4BEF-96B7-D3CFF2818854}.Release|Any CPU.Build.0 = Release|Any CPU
		{8C07D5DF-B57F-4BEF-96B7-D3CFF2818854}.Release|x64.ActiveCfg = Release|Any CPU
		{8C07D5DF-B57F-4BEF-96B7-D3CFF2818854}.Release|x64.Build.0 = Release|Any CPU
		{8C07D5DF-B57F-4BEF-96B7-D3CFF2818854}.Release|x86.ActiveCfg = Release|Any CPU
		{8C07D5DF-B57F-4BEF-96B7-D3CFF2818854}.Release|x86.Build.0 = Release|Any CPU
		{9839B406-D7A2-4A93-8C25-6754919A5AC6}.Debug|Any CPU.ActiveCfg = Debug|Any CPU
		{9839B406-D7A2-4A93-8C25-6754919A5AC6}.Debug|Any CPU.Build.0 = Debug|Any CPU
		{9839B406-D7A2-4A93-8C25-6754919A5AC6}.Debug|x64.ActiveCfg = Debug|Any CPU
		{9839B406-D7A2-4A93-8C25-6754919A5AC6}.Debug|x64.Build.0 = Debug|Any CPU
		{9839B406-D7A2-4A93-8C25-6754919A5AC6}.Debug|x86.ActiveCfg = Debug|Any CPU
		{9839B406-D7A2-4A93-8C25-6754919A5AC6}.Debug|x86.Build.0 = Debug|Any CPU
		{9839B406-D7A2-4A93-8C25-6754919A5AC6}.Release|Any CPU.ActiveCfg = Release|Any CPU
		{9839B406-D7A2-4A93-8C25-6754919A5AC6}.Release|Any CPU.Build.0 = Release|Any CPU
		{9839B406-D7A2-4A93-8C25-6754919A5AC6}.Release|x64.ActiveCfg = Release|Any CPU
		{9839B406-D7A2-4A93-8C25-6754919A5AC6}.Release|x64.Build.0 = Release|Any CPU
		{9839B406-D7A2-4A93-8C25-6754919A5AC6}.Release|x86.ActiveCfg = Release|Any CPU
		{9839B406-D7A2-4A93-8C25-6754919A5AC6}.Release|x86.Build.0 = Release|Any CPU
		{71275C88-27A4-408B-97A6-17BB5A3D1237}.Debug|Any CPU.ActiveCfg = Debug|Any CPU
		{71275C88-27A4-408B-97A6-17BB5A3D1237}.Debug|Any CPU.Build.0 = Debug|Any CPU
		{71275C88-27A4-408B-97A6-17BB5A3D1237}.Debug|x64.ActiveCfg = Debug|Any CPU
		{71275C88-27A4-408B-97A6-17BB5A3D1237}.Debug|x64.Build.0 = Debug|Any CPU
		{71275C88-27A4-408B-97A6-17BB5A3D1237}.Debug|x86.ActiveCfg = Debug|Any CPU
		{71275C88-27A4-408B-97A6-17BB5A3D1237}.Debug|x86.Build.0 = Debug|Any CPU
		{71275C88-27A4-408B-97A6-17BB5A3D1237}.Release|Any CPU.ActiveCfg = Release|Any CPU
		{71275C88-27A4-408B-97A6-17BB5A3D1237}.Release|Any CPU.Build.0 = Release|Any CPU
		{71275C88-27A4-408B-97A6-17BB5A3D1237}.Release|x64.ActiveCfg = Release|Any CPU
		{71275C88-27A4-408B-97A6-17BB5A3D1237}.Release|x64.Build.0 = Release|Any CPU
		{71275C88-27A4-408B-97A6-17BB5A3D1237}.Release|x86.ActiveCfg = Release|Any CPU
		{71275C88-27A4-408B-97A6-17BB5A3D1237}.Release|x86.Build.0 = Release|Any CPU
		{8A833E36-98C8-47F3-AFA4-FF9D0F7A9AD4}.Debug|Any CPU.ActiveCfg = Debug|Any CPU
		{8A833E36-98C8-47F3-AFA4-FF9D0F7A9AD4}.Debug|Any CPU.Build.0 = Debug|Any CPU
		{8A833E36-98C8-47F3-AFA4-FF9D0F7A9AD4}.Debug|x64.ActiveCfg = Debug|Any CPU
		{8A833E36-98C8-47F3-AFA4-FF9D0F7A9AD4}.Debug|x64.Build.0 = Debug|Any CPU
		{8A833E36-98C8-47F3-AFA4-FF9D0F7A9AD4}.Debug|x86.ActiveCfg = Debug|Any CPU
		{8A833E36-98C8-47F3-AFA4-FF9D0F7A9AD4}.Debug|x86.Build.0 = Debug|Any CPU
		{8A833E36-98C8-47F3-AFA4-FF9D0F7A9AD4}.Release|Any CPU.ActiveCfg = Release|Any CPU
		{8A833E36-98C8-47F3-AFA4-FF9D0F7A9AD4}.Release|Any CPU.Build.0 = Release|Any CPU
		{8A833E36-98C8-47F3-AFA4-FF9D0F7A9AD4}.Release|x64.ActiveCfg = Release|Any CPU
		{8A833E36-98C8-47F3-AFA4-FF9D0F7A9AD4}.Release|x64.Build.0 = Release|Any CPU
		{8A833E36-98C8-47F3-AFA4-FF9D0F7A9AD4}.Release|x86.ActiveCfg = Release|Any CPU
		{8A833E36-98C8-47F3-AFA4-FF9D0F7A9AD4}.Release|x86.Build.0 = Release|Any CPU
		{4632F5EC-B727-46A2-AA50-FB4E4BB326A3}.Debug|Any CPU.ActiveCfg = Debug|Any CPU
		{4632F5EC-B727-46A2-AA50-FB4E4BB326A3}.Debug|Any CPU.Build.0 = Debug|Any CPU
		{4632F5EC-B727-46A2-AA50-FB4E4BB326A3}.Debug|x64.ActiveCfg = Debug|Any CPU
		{4632F5EC-B727-46A2-AA50-FB4E4BB326A3}.Debug|x64.Build.0 = Debug|Any CPU
		{4632F5EC-B727-46A2-AA50-FB4E4BB326A3}.Debug|x86.ActiveCfg = Debug|Any CPU
		{4632F5EC-B727-46A2-AA50-FB4E4BB326A3}.Debug|x86.Build.0 = Debug|Any CPU
		{4632F5EC-B727-46A2-AA50-FB4E4BB326A3}.Release|Any CPU.ActiveCfg = Release|Any CPU
		{4632F5EC-B727-46A2-AA50-FB4E4BB326A3}.Release|Any CPU.Build.0 = Release|Any CPU
		{4632F5EC-B727-46A2-AA50-FB4E4BB326A3}.Release|x64.ActiveCfg = Release|Any CPU
		{4632F5EC-B727-46A2-AA50-FB4E4BB326A3}.Release|x64.Build.0 = Release|Any CPU
		{4632F5EC-B727-46A2-AA50-FB4E4BB326A3}.Release|x86.ActiveCfg = Release|Any CPU
		{4632F5EC-B727-46A2-AA50-FB4E4BB326A3}.Release|x86.Build.0 = Release|Any CPU
		{4CE3453C-414D-412C-9DB9-8348734788EF}.Debug|Any CPU.ActiveCfg = Debug|Any CPU
		{4CE3453C-414D-412C-9DB9-8348734788EF}.Debug|Any CPU.Build.0 = Debug|Any CPU
		{4CE3453C-414D-412C-9DB9-8348734788EF}.Debug|x64.ActiveCfg = Debug|Any CPU
		{4CE3453C-414D-412C-9DB9-8348734788EF}.Debug|x64.Build.0 = Debug|Any CPU
		{4CE3453C-414D-412C-9DB9-8348734788EF}.Debug|x86.ActiveCfg = Debug|Any CPU
		{4CE3453C-414D-412C-9DB9-8348734788EF}.Debug|x86.Build.0 = Debug|Any CPU
		{4CE3453C-414D-412C-9DB9-8348734788EF}.Release|Any CPU.ActiveCfg = Release|Any CPU
		{4CE3453C-414D-412C-9DB9-8348734788EF}.Release|Any CPU.Build.0 = Release|Any CPU
		{4CE3453C-414D-412C-9DB9-8348734788EF}.Release|x64.ActiveCfg = Release|Any CPU
		{4CE3453C-414D-412C-9DB9-8348734788EF}.Release|x64.Build.0 = Release|Any CPU
		{4CE3453C-414D-412C-9DB9-8348734788EF}.Release|x86.ActiveCfg = Release|Any CPU
		{4CE3453C-414D-412C-9DB9-8348734788EF}.Release|x86.Build.0 = Release|Any CPU
		{A2F28AFE-8290-42E6-BB5E-0D8892EB91AF}.Debug|Any CPU.ActiveCfg = Debug|Any CPU
		{A2F28AFE-8290-42E6-BB5E-0D8892EB91AF}.Debug|Any CPU.Build.0 = Debug|Any CPU
		{A2F28AFE-8290-42E6-BB5E-0D8892EB91AF}.Debug|x64.ActiveCfg = Debug|Any CPU
		{A2F28AFE-8290-42E6-BB5E-0D8892EB91AF}.Debug|x64.Build.0 = Debug|Any CPU
		{A2F28AFE-8290-42E6-BB5E-0D8892EB91AF}.Debug|x86.ActiveCfg = Debug|Any CPU
		{A2F28AFE-8290-42E6-BB5E-0D8892EB91AF}.Debug|x86.Build.0 = Debug|Any CPU
		{A2F28AFE-8290-42E6-BB5E-0D8892EB91AF}.Release|Any CPU.ActiveCfg = Release|Any CPU
		{A2F28AFE-8290-42E6-BB5E-0D8892EB91AF}.Release|Any CPU.Build.0 = Release|Any CPU
		{A2F28AFE-8290-42E6-BB5E-0D8892EB91AF}.Release|x64.ActiveCfg = Release|Any CPU
		{A2F28AFE-8290-42E6-BB5E-0D8892EB91AF}.Release|x64.Build.0 = Release|Any CPU
		{A2F28AFE-8290-42E6-BB5E-0D8892EB91AF}.Release|x86.ActiveCfg = Release|Any CPU
		{A2F28AFE-8290-42E6-BB5E-0D8892EB91AF}.Release|x86.Build.0 = Release|Any CPU
		{664253C3-CF95-4063-A815-A4E7A4509D6D}.Debug|Any CPU.ActiveCfg = Debug|Any CPU
		{664253C3-CF95-4063-A815-A4E7A4509D6D}.Debug|Any CPU.Build.0 = Debug|Any CPU
		{664253C3-CF95-4063-A815-A4E7A4509D6D}.Debug|x64.ActiveCfg = Debug|Any CPU
		{664253C3-CF95-4063-A815-A4E7A4509D6D}.Debug|x64.Build.0 = Debug|Any CPU
		{664253C3-CF95-4063-A815-A4E7A4509D6D}.Debug|x86.ActiveCfg = Debug|Any CPU
		{664253C3-CF95-4063-A815-A4E7A4509D6D}.Debug|x86.Build.0 = Debug|Any CPU
		{664253C3-CF95-4063-A815-A4E7A4509D6D}.Release|Any CPU.ActiveCfg = Release|Any CPU
		{664253C3-CF95-4063-A815-A4E7A4509D6D}.Release|Any CPU.Build.0 = Release|Any CPU
		{664253C3-CF95-4063-A815-A4E7A4509D6D}.Release|x64.ActiveCfg = Release|Any CPU
		{664253C3-CF95-4063-A815-A4E7A4509D6D}.Release|x64.Build.0 = Release|Any CPU
		{664253C3-CF95-4063-A815-A4E7A4509D6D}.Release|x86.ActiveCfg = Release|Any CPU
		{664253C3-CF95-4063-A815-A4E7A4509D6D}.Release|x86.Build.0 = Release|Any CPU
		{23BFB1E8-3F77-4B73-BB20-133E8418190F}.Debug|Any CPU.ActiveCfg = Debug|Any CPU
		{23BFB1E8-3F77-4B73-BB20-133E8418190F}.Debug|Any CPU.Build.0 = Debug|Any CPU
		{23BFB1E8-3F77-4B73-BB20-133E8418190F}.Debug|x64.ActiveCfg = Debug|Any CPU
		{23BFB1E8-3F77-4B73-BB20-133E8418190F}.Debug|x64.Build.0 = Debug|Any CPU
		{23BFB1E8-3F77-4B73-BB20-133E8418190F}.Debug|x86.ActiveCfg = Debug|Any CPU
		{23BFB1E8-3F77-4B73-BB20-133E8418190F}.Debug|x86.Build.0 = Debug|Any CPU
		{23BFB1E8-3F77-4B73-BB20-133E8418190F}.Release|Any CPU.ActiveCfg = Release|Any CPU
		{23BFB1E8-3F77-4B73-BB20-133E8418190F}.Release|Any CPU.Build.0 = Release|Any CPU
		{23BFB1E8-3F77-4B73-BB20-133E8418190F}.Release|x64.ActiveCfg = Release|Any CPU
		{23BFB1E8-3F77-4B73-BB20-133E8418190F}.Release|x64.Build.0 = Release|Any CPU
		{23BFB1E8-3F77-4B73-BB20-133E8418190F}.Release|x86.ActiveCfg = Release|Any CPU
		{23BFB1E8-3F77-4B73-BB20-133E8418190F}.Release|x86.Build.0 = Release|Any CPU
		{4023490B-4A83-4668-80D6-09E9312FB9BB}.Debug|Any CPU.ActiveCfg = Debug|Any CPU
		{4023490B-4A83-4668-80D6-09E9312FB9BB}.Debug|Any CPU.Build.0 = Debug|Any CPU
		{4023490B-4A83-4668-80D6-09E9312FB9BB}.Debug|x64.ActiveCfg = Debug|Any CPU
		{4023490B-4A83-4668-80D6-09E9312FB9BB}.Debug|x64.Build.0 = Debug|Any CPU
		{4023490B-4A83-4668-80D6-09E9312FB9BB}.Debug|x86.ActiveCfg = Debug|Any CPU
		{4023490B-4A83-4668-80D6-09E9312FB9BB}.Debug|x86.Build.0 = Debug|Any CPU
		{4023490B-4A83-4668-80D6-09E9312FB9BB}.Release|Any CPU.ActiveCfg = Release|Any CPU
		{4023490B-4A83-4668-80D6-09E9312FB9BB}.Release|Any CPU.Build.0 = Release|Any CPU
		{4023490B-4A83-4668-80D6-09E9312FB9BB}.Release|x64.ActiveCfg = Release|Any CPU
		{4023490B-4A83-4668-80D6-09E9312FB9BB}.Release|x64.Build.0 = Release|Any CPU
		{4023490B-4A83-4668-80D6-09E9312FB9BB}.Release|x86.ActiveCfg = Release|Any CPU
		{4023490B-4A83-4668-80D6-09E9312FB9BB}.Release|x86.Build.0 = Release|Any CPU
		{77BF7E24-46E1-4E48-A195-6DDB959000ED}.Debug|Any CPU.ActiveCfg = Debug|Any CPU
		{77BF7E24-46E1-4E48-A195-6DDB959000ED}.Debug|Any CPU.Build.0 = Debug|Any CPU
		{77BF7E24-46E1-4E48-A195-6DDB959000ED}.Debug|x64.ActiveCfg = Debug|Any CPU
		{77BF7E24-46E1-4E48-A195-6DDB959000ED}.Debug|x64.Build.0 = Debug|Any CPU
		{77BF7E24-46E1-4E48-A195-6DDB959000ED}.Debug|x86.ActiveCfg = Debug|Any CPU
		{77BF7E24-46E1-4E48-A195-6DDB959000ED}.Debug|x86.Build.0 = Debug|Any CPU
		{77BF7E24-46E1-4E48-A195-6DDB959000ED}.Release|Any CPU.ActiveCfg = Release|Any CPU
		{77BF7E24-46E1-4E48-A195-6DDB959000ED}.Release|Any CPU.Build.0 = Release|Any CPU
		{77BF7E24-46E1-4E48-A195-6DDB959000ED}.Release|x64.ActiveCfg = Release|Any CPU
		{77BF7E24-46E1-4E48-A195-6DDB959000ED}.Release|x64.Build.0 = Release|Any CPU
		{77BF7E24-46E1-4E48-A195-6DDB959000ED}.Release|x86.ActiveCfg = Release|Any CPU
		{77BF7E24-46E1-4E48-A195-6DDB959000ED}.Release|x86.Build.0 = Release|Any CPU
		{DF1A084D-A828-4E63-8731-89B0A462C3D7}.Debug|Any CPU.ActiveCfg = Debug|Any CPU
		{DF1A084D-A828-4E63-8731-89B0A462C3D7}.Debug|Any CPU.Build.0 = Debug|Any CPU
		{DF1A084D-A828-4E63-8731-89B0A462C3D7}.Debug|x64.ActiveCfg = Debug|Any CPU
		{DF1A084D-A828-4E63-8731-89B0A462C3D7}.Debug|x64.Build.0 = Debug|Any CPU
		{DF1A084D-A828-4E63-8731-89B0A462C3D7}.Debug|x86.ActiveCfg = Debug|Any CPU
		{DF1A084D-A828-4E63-8731-89B0A462C3D7}.Debug|x86.Build.0 = Debug|Any CPU
		{DF1A084D-A828-4E63-8731-89B0A462C3D7}.Release|Any CPU.ActiveCfg = Release|Any CPU
		{DF1A084D-A828-4E63-8731-89B0A462C3D7}.Release|Any CPU.Build.0 = Release|Any CPU
		{DF1A084D-A828-4E63-8731-89B0A462C3D7}.Release|x64.ActiveCfg = Release|Any CPU
		{DF1A084D-A828-4E63-8731-89B0A462C3D7}.Release|x64.Build.0 = Release|Any CPU
		{DF1A084D-A828-4E63-8731-89B0A462C3D7}.Release|x86.ActiveCfg = Release|Any CPU
		{DF1A084D-A828-4E63-8731-89B0A462C3D7}.Release|x86.Build.0 = Release|Any CPU
		{A559E171-D96F-440E-83BA-9119E7A4A1E9}.Debug|Any CPU.ActiveCfg = Debug|Any CPU
		{A559E171-D96F-440E-83BA-9119E7A4A1E9}.Debug|Any CPU.Build.0 = Debug|Any CPU
		{A559E171-D96F-440E-83BA-9119E7A4A1E9}.Debug|x64.ActiveCfg = Debug|Any CPU
		{A559E171-D96F-440E-83BA-9119E7A4A1E9}.Debug|x64.Build.0 = Debug|Any CPU
		{A559E171-D96F-440E-83BA-9119E7A4A1E9}.Debug|x86.ActiveCfg = Debug|Any CPU
		{A559E171-D96F-440E-83BA-9119E7A4A1E9}.Debug|x86.Build.0 = Debug|Any CPU
		{A559E171-D96F-440E-83BA-9119E7A4A1E9}.Release|Any CPU.ActiveCfg = Release|Any CPU
		{A559E171-D96F-440E-83BA-9119E7A4A1E9}.Release|Any CPU.Build.0 = Release|Any CPU
		{A559E171-D96F-440E-83BA-9119E7A4A1E9}.Release|x64.ActiveCfg = Release|Any CPU
		{A559E171-D96F-440E-83BA-9119E7A4A1E9}.Release|x64.Build.0 = Release|Any CPU
		{A559E171-D96F-440E-83BA-9119E7A4A1E9}.Release|x86.ActiveCfg = Release|Any CPU
		{A559E171-D96F-440E-83BA-9119E7A4A1E9}.Release|x86.Build.0 = Release|Any CPU
		{DA3745F1-6E10-4A87-A7DF-45470F5C8853}.Debug|Any CPU.ActiveCfg = Debug|Any CPU
		{DA3745F1-6E10-4A87-A7DF-45470F5C8853}.Debug|Any CPU.Build.0 = Debug|Any CPU
		{DA3745F1-6E10-4A87-A7DF-45470F5C8853}.Debug|x64.ActiveCfg = Debug|Any CPU
		{DA3745F1-6E10-4A87-A7DF-45470F5C8853}.Debug|x64.Build.0 = Debug|Any CPU
		{DA3745F1-6E10-4A87-A7DF-45470F5C8853}.Debug|x86.ActiveCfg = Debug|Any CPU
		{DA3745F1-6E10-4A87-A7DF-45470F5C8853}.Debug|x86.Build.0 = Debug|Any CPU
		{DA3745F1-6E10-4A87-A7DF-45470F5C8853}.Release|Any CPU.ActiveCfg = Release|Any CPU
		{DA3745F1-6E10-4A87-A7DF-45470F5C8853}.Release|Any CPU.Build.0 = Release|Any CPU
		{DA3745F1-6E10-4A87-A7DF-45470F5C8853}.Release|x64.ActiveCfg = Release|Any CPU
		{DA3745F1-6E10-4A87-A7DF-45470F5C8853}.Release|x64.Build.0 = Release|Any CPU
		{DA3745F1-6E10-4A87-A7DF-45470F5C8853}.Release|x86.ActiveCfg = Release|Any CPU
		{DA3745F1-6E10-4A87-A7DF-45470F5C8853}.Release|x86.Build.0 = Release|Any CPU
	EndGlobalSection
EndGlobal
