
Microsoft Visual Studio Solution File, Format Version 12.00
# Visual Studio 15
VisualStudioVersion = 15.0.26124.0
MinimumVisualStudioVersion = 15.0.26124.0
Project("{FAE04EC0-301F-11D3-BF4B-00C04F79EFBC}") = "Penguin.Cms.Web.Security.Repositories.Local", "Penguin.Cms.Web.Security.Repositories.Local.csproj", "{9B1623C9-2470-48CF-A332-2DF48084B3AA}"
EndProject
Project("{FAE04EC0-301F-11D3-BF4B-00C04F79EFBC}") = "Penguin.Cms.Repositories.Local", "..\Penguin.Cms.Repositories\Penguin.Cms.Repositories.Local.csproj", "{DC41C9B4-4DB5-4769-AEED-96EF31079F16}"
EndProject
Project("{FAE04EC0-301F-11D3-BF4B-00C04F79EFBC}") = "Penguin.Cms.Entities.Local", "..\Penguin.Cms.Entities\Penguin.Cms.Entities.Local.csproj", "{7C5202F1-1AE9-41CB-92E7-C33EC3157D68}"
EndProject
Project("{FAE04EC0-301F-11D3-BF4B-00C04F79EFBC}") = "Penguin.Persistence.Abstractions.Local", "..\Penguin.Persistence.Abstractions\Penguin.Persistence.Abstractions.Local.csproj", "{4A947D34-B92B-4F85-A5CC-8CD412EB5CC3}"
EndProject
Project("{FAE04EC0-301F-11D3-BF4B-00C04F79EFBC}") = "Penguin.Entities.Abstractions.Local", "..\Penguin.Entities.Abstractions\Penguin.Entities.Abstractions.Local.csproj", "{F688FCCD-F10C-4330-BA63-EC88B59F9891}"
EndProject
Project("{FAE04EC0-301F-11D3-BF4B-00C04F79EFBC}") = "Penguin.Reflection.Extensions.Local", "..\Penguin.Reflection.Extensions\Penguin.Reflection.Extensions.Local.csproj", "{8E4FF55C-AF2F-41CA-92EF-8D79002CD802}"
EndProject
Project("{FAE04EC0-301F-11D3-BF4B-00C04F79EFBC}") = "Penguin.Extensions.String.Local", "..\Penguin.Extensions.String\Penguin.Extensions.String.Local.csproj", "{09CB0829-072D-4CA6-87B4-1FA005693854}"
EndProject
Project("{FAE04EC0-301F-11D3-BF4B-00C04F79EFBC}") = "Penguin.Reflection.Abstractions.Local", "..\Penguin.Reflection.Abstractions\Penguin.Reflection.Abstractions.Local.csproj", "{96EACDD4-24F4-4886-9B47-AC46DA4A1145}"
EndProject
Project("{FAE04EC0-301F-11D3-BF4B-00C04F79EFBC}") = "Penguin.Messaging.Core.Local", "..\Penguin.Messaging.Core\Penguin.Messaging.Core.Local.csproj", "{11A447FE-A03E-40F3-8F59-859B0A10C66A}"
EndProject
Project("{FAE04EC0-301F-11D3-BF4B-00C04F79EFBC}") = "Penguin.Debugging.Local", "..\Penguin.Debugging\Penguin.Debugging.Local.csproj", "{95DA4173-7BD7-4174-9A54-BF0674B25D09}"
EndProject
Project("{FAE04EC0-301F-11D3-BF4B-00C04F79EFBC}") = "Penguin.Extensions.Exceptions.Local", "..\Penguin.Extensions.Exceptions\Penguin.Extensions.Exceptions.Local.csproj", "{718F2576-B14A-4BEF-8D0C-8AB07C4B8879}"
EndProject
Project("{FAE04EC0-301F-11D3-BF4B-00C04F79EFBC}") = "Penguin.Messaging.Abstractions.Local", "..\Penguin.Messaging.Abstractions\Penguin.Messaging.Abstractions.Local.csproj", "{D9C994AA-DE7B-47D2-B3A4-4575245423E5}"
EndProject
Project("{FAE04EC0-301F-11D3-BF4B-00C04F79EFBC}") = "Penguin.Persistence.Repositories.Local", "..\Penguin.Persistence.Repositories\Penguin.Persistence.Repositories.Local.csproj", "{F342B5BF-1B85-4F71-A5CE-D83C038821CF}"
EndProject
Project("{FAE04EC0-301F-11D3-BF4B-00C04F79EFBC}") = "Penguin.DependencyInjection.Abstractions.Local", "..\Penguin.DependencyInjection.Abstractions\Penguin.DependencyInjection.Abstractions.Local.csproj", "{83BECB43-EFE4-477D-A422-D83309C86746}"
EndProject
Project("{FAE04EC0-301F-11D3-BF4B-00C04F79EFBC}") = "Penguin.Messaging.Persistence.Local", "..\Penguin.Messaging.Persistence\Penguin.Messaging.Persistence.Local.csproj", "{C121BF99-A3C1-4597-864B-BDBBF70E62FF}"
EndProject
Project("{FAE04EC0-301F-11D3-BF4B-00C04F79EFBC}") = "Penguin.Reflection.Local", "..\Penguin.Reflection\Penguin.Reflection.Local.csproj", "{6A554ADA-E828-4CA2-BED9-B56B0C98349C}"
EndProject
Project("{FAE04EC0-301F-11D3-BF4B-00C04F79EFBC}") = "Penguin.Cms.Web.Security.Local", "..\Penguin.Cms.Web.Security\Penguin.Cms.Web.Security.Local.csproj", "{91C8C541-34E3-4885-96F8-956685484A56}"
EndProject
Project("{FAE04EC0-301F-11D3-BF4B-00C04F79EFBC}") = "Penguin.Cms.Security.Local", "..\Penguin.Cms.Security\Penguin.Cms.Security.Local.csproj", "{1257AFB9-648E-4767-B827-79BD73E35110}"
EndProject
Project("{FAE04EC0-301F-11D3-BF4B-00C04F79EFBC}") = "Penguin.Auditing.Abstractions.Local", "..\Penguin.Auditing.Abstractions\Penguin.Auditing.Abstractions.Local.csproj", "{BE9BFC1C-3538-4574-9357-0EAC420B76E7}"
EndProject
Project("{FAE04EC0-301F-11D3-BF4B-00C04F79EFBC}") = "Penguin.Cms.Abstractions.Local", "..\Penguin.Cms.Abstractions\Penguin.Cms.Abstractions.Local.csproj", "{B44E54B1-C2F4-4A85-9DD5-FF43A121C17E}"
EndProject
Project("{FAE04EC0-301F-11D3-BF4B-00C04F79EFBC}") = "Penguin.Cms.Email.Abstractions.Local", "..\Penguin.Cms.Email.Abstractions\Penguin.Cms.Email.Abstractions.Local.csproj", "{54736A03-5754-4644-AFBB-638121E3BE18}"
EndProject
Project("{FAE04EC0-301F-11D3-BF4B-00C04F79EFBC}") = "Penguin.Email.Abstractions.Local", "..\Penguin.Email.Abstractions\Penguin.Email.Abstractions.Local.csproj", "{F9037CBD-9403-46F7-AD24-10013CC4BE81}"
EndProject
Project("{FAE04EC0-301F-11D3-BF4B-00C04F79EFBC}") = "Penguin.Files.Abstractions.Local", "..\Penguin.Files.Abstractions\Penguin.Files.Abstractions.Local.csproj", "{7BE758EC-78D8-4723-A439-80384A84F4D8}"
EndProject
Project("{FAE04EC0-301F-11D3-BF4B-00C04F79EFBC}") = "Penguin.Email.Templating.Abstractions.Local", "..\Penguin.Email.Templating.Abstractions\Penguin.Email.Templating.Abstractions.Local.csproj", "{B8BB8D79-CABC-40B1-BE66-36A553165B48}"
EndProject
Project("{FAE04EC0-301F-11D3-BF4B-00C04F79EFBC}") = "Penguin.Templating.Abstractions.Local", "..\Penguin.Templating.Abstractions\Penguin.Templating.Abstractions.Local.csproj", "{DE194E6A-D1F9-4175-81FA-A399E9B5F77D}"
EndProject
Project("{FAE04EC0-301F-11D3-BF4B-00C04F79EFBC}") = "Penguin.Security.Abstractions.Local", "..\Penguin.Security.Abstractions\Penguin.Security.Abstractions.Local.csproj", "{B9ECFAF4-34AE-47F2-A241-3720A55F4BBD}"
EndProject
Project("{FAE04EC0-301F-11D3-BF4B-00C04F79EFBC}") = "Penguin.Extensions.Collections.Local", "..\Penguin.Extensions.Collections\Penguin.Extensions.Collections.Local.csproj", "{4457100E-A1C7-4F56-9998-808ADCBEDB2B}"
EndProject
Project("{FAE04EC0-301F-11D3-BF4B-00C04F79EFBC}") = "Penguin.Web.Extensions.Local", "..\Penguin.Web.Extensions\Penguin.Web.Extensions.Local.csproj", "{EB7707AE-DA9F-4599-A7F9-2C8D74B1BB46}"
EndProject
Global
	GlobalSection(SolutionConfigurationPlatforms) = preSolution
		Debug|Any CPU = Debug|Any CPU
		Debug|x64 = Debug|x64
		Debug|x86 = Debug|x86
		Release|Any CPU = Release|Any CPU
		Release|x64 = Release|x64
		Release|x86 = Release|x86
	EndGlobalSection
	GlobalSection(SolutionProperties) = preSolution
		HideSolutionNode = FALSE
	EndGlobalSection
	GlobalSection(ProjectConfigurationPlatforms) = postSolution
		{9B1623C9-2470-48CF-A332-2DF48084B3AA}.Debug|Any CPU.ActiveCfg = Debug|Any CPU
		{9B1623C9-2470-48CF-A332-2DF48084B3AA}.Debug|Any CPU.Build.0 = Debug|Any CPU
		{9B1623C9-2470-48CF-A332-2DF48084B3AA}.Debug|x64.ActiveCfg = Debug|Any CPU
		{9B1623C9-2470-48CF-A332-2DF48084B3AA}.Debug|x64.Build.0 = Debug|Any CPU
		{9B1623C9-2470-48CF-A332-2DF48084B3AA}.Debug|x86.ActiveCfg = Debug|Any CPU
		{9B1623C9-2470-48CF-A332-2DF48084B3AA}.Debug|x86.Build.0 = Debug|Any CPU
		{9B1623C9-2470-48CF-A332-2DF48084B3AA}.Release|Any CPU.ActiveCfg = Release|Any CPU
		{9B1623C9-2470-48CF-A332-2DF48084B3AA}.Release|Any CPU.Build.0 = Release|Any CPU
		{9B1623C9-2470-48CF-A332-2DF48084B3AA}.Release|x64.ActiveCfg = Release|Any CPU
		{9B1623C9-2470-48CF-A332-2DF48084B3AA}.Release|x64.Build.0 = Release|Any CPU
		{9B1623C9-2470-48CF-A332-2DF48084B3AA}.Release|x86.ActiveCfg = Release|Any CPU
		{9B1623C9-2470-48CF-A332-2DF48084B3AA}.Release|x86.Build.0 = Release|Any CPU
		{DC41C9B4-4DB5-4769-AEED-96EF31079F16}.Debug|Any CPU.ActiveCfg = Debug|Any CPU
		{DC41C9B4-4DB5-4769-AEED-96EF31079F16}.Debug|Any CPU.Build.0 = Debug|Any CPU
		{DC41C9B4-4DB5-4769-AEED-96EF31079F16}.Debug|x64.ActiveCfg = Debug|Any CPU
		{DC41C9B4-4DB5-4769-AEED-96EF31079F16}.Debug|x64.Build.0 = Debug|Any CPU
		{DC41C9B4-4DB5-4769-AEED-96EF31079F16}.Debug|x86.ActiveCfg = Debug|Any CPU
		{DC41C9B4-4DB5-4769-AEED-96EF31079F16}.Debug|x86.Build.0 = Debug|Any CPU
		{DC41C9B4-4DB5-4769-AEED-96EF31079F16}.Release|Any CPU.ActiveCfg = Release|Any CPU
		{DC41C9B4-4DB5-4769-AEED-96EF31079F16}.Release|Any CPU.Build.0 = Release|Any CPU
		{DC41C9B4-4DB5-4769-AEED-96EF31079F16}.Release|x64.ActiveCfg = Release|Any CPU
		{DC41C9B4-4DB5-4769-AEED-96EF31079F16}.Release|x64.Build.0 = Release|Any CPU
		{DC41C9B4-4DB5-4769-AEED-96EF31079F16}.Release|x86.ActiveCfg = Release|Any CPU
		{DC41C9B4-4DB5-4769-AEED-96EF31079F16}.Release|x86.Build.0 = Release|Any CPU
		{7C5202F1-1AE9-41CB-92E7-C33EC3157D68}.Debug|Any CPU.ActiveCfg = Debug|Any CPU
		{7C5202F1-1AE9-41CB-92E7-C33EC3157D68}.Debug|Any CPU.Build.0 = Debug|Any CPU
		{7C5202F1-1AE9-41CB-92E7-C33EC3157D68}.Debug|x64.ActiveCfg = Debug|Any CPU
		{7C5202F1-1AE9-41CB-92E7-C33EC3157D68}.Debug|x64.Build.0 = Debug|Any CPU
		{7C5202F1-1AE9-41CB-92E7-C33EC3157D68}.Debug|x86.ActiveCfg = Debug|Any CPU
		{7C5202F1-1AE9-41CB-92E7-C33EC3157D68}.Debug|x86.Build.0 = Debug|Any CPU
		{7C5202F1-1AE9-41CB-92E7-C33EC3157D68}.Release|Any CPU.ActiveCfg = Release|Any CPU
		{7C5202F1-1AE9-41CB-92E7-C33EC3157D68}.Release|Any CPU.Build.0 = Release|Any CPU
		{7C5202F1-1AE9-41CB-92E7-C33EC3157D68}.Release|x64.ActiveCfg = Release|Any CPU
		{7C5202F1-1AE9-41CB-92E7-C33EC3157D68}.Release|x64.Build.0 = Release|Any CPU
		{7C5202F1-1AE9-41CB-92E7-C33EC3157D68}.Release|x86.ActiveCfg = Release|Any CPU
		{7C5202F1-1AE9-41CB-92E7-C33EC3157D68}.Release|x86.Build.0 = Release|Any CPU
		{4A947D34-B92B-4F85-A5CC-8CD412EB5CC3}.Debug|Any CPU.ActiveCfg = Debug|Any CPU
		{4A947D34-B92B-4F85-A5CC-8CD412EB5CC3}.Debug|Any CPU.Build.0 = Debug|Any CPU
		{4A947D34-B92B-4F85-A5CC-8CD412EB5CC3}.Debug|x64.ActiveCfg = Debug|Any CPU
		{4A947D34-B92B-4F85-A5CC-8CD412EB5CC3}.Debug|x64.Build.0 = Debug|Any CPU
		{4A947D34-B92B-4F85-A5CC-8CD412EB5CC3}.Debug|x86.ActiveCfg = Debug|Any CPU
		{4A947D34-B92B-4F85-A5CC-8CD412EB5CC3}.Debug|x86.Build.0 = Debug|Any CPU
		{4A947D34-B92B-4F85-A5CC-8CD412EB5CC3}.Release|Any CPU.ActiveCfg = Release|Any CPU
		{4A947D34-B92B-4F85-A5CC-8CD412EB5CC3}.Release|Any CPU.Build.0 = Release|Any CPU
		{4A947D34-B92B-4F85-A5CC-8CD412EB5CC3}.Release|x64.ActiveCfg = Release|Any CPU
		{4A947D34-B92B-4F85-A5CC-8CD412EB5CC3}.Release|x64.Build.0 = Release|Any CPU
		{4A947D34-B92B-4F85-A5CC-8CD412EB5CC3}.Release|x86.ActiveCfg = Release|Any CPU
		{4A947D34-B92B-4F85-A5CC-8CD412EB5CC3}.Release|x86.Build.0 = Release|Any CPU
		{F688FCCD-F10C-4330-BA63-EC88B59F9891}.Debug|Any CPU.ActiveCfg = Debug|Any CPU
		{F688FCCD-F10C-4330-BA63-EC88B59F9891}.Debug|Any CPU.Build.0 = Debug|Any CPU
		{F688FCCD-F10C-4330-BA63-EC88B59F9891}.Debug|x64.ActiveCfg = Debug|Any CPU
		{F688FCCD-F10C-4330-BA63-EC88B59F9891}.Debug|x64.Build.0 = Debug|Any CPU
		{F688FCCD-F10C-4330-BA63-EC88B59F9891}.Debug|x86.ActiveCfg = Debug|Any CPU
		{F688FCCD-F10C-4330-BA63-EC88B59F9891}.Debug|x86.Build.0 = Debug|Any CPU
		{F688FCCD-F10C-4330-BA63-EC88B59F9891}.Release|Any CPU.ActiveCfg = Release|Any CPU
		{F688FCCD-F10C-4330-BA63-EC88B59F9891}.Release|Any CPU.Build.0 = Release|Any CPU
		{F688FCCD-F10C-4330-BA63-EC88B59F9891}.Release|x64.ActiveCfg = Release|Any CPU
		{F688FCCD-F10C-4330-BA63-EC88B59F9891}.Release|x64.Build.0 = Release|Any CPU
		{F688FCCD-F10C-4330-BA63-EC88B59F9891}.Release|x86.ActiveCfg = Release|Any CPU
		{F688FCCD-F10C-4330-BA63-EC88B59F9891}.Release|x86.Build.0 = Release|Any CPU
		{8E4FF55C-AF2F-41CA-92EF-8D79002CD802}.Debug|Any CPU.ActiveCfg = Debug|Any CPU
		{8E4FF55C-AF2F-41CA-92EF-8D79002CD802}.Debug|Any CPU.Build.0 = Debug|Any CPU
		{8E4FF55C-AF2F-41CA-92EF-8D79002CD802}.Debug|x64.ActiveCfg = Debug|Any CPU
		{8E4FF55C-AF2F-41CA-92EF-8D79002CD802}.Debug|x64.Build.0 = Debug|Any CPU
		{8E4FF55C-AF2F-41CA-92EF-8D79002CD802}.Debug|x86.ActiveCfg = Debug|Any CPU
		{8E4FF55C-AF2F-41CA-92EF-8D79002CD802}.Debug|x86.Build.0 = Debug|Any CPU
		{8E4FF55C-AF2F-41CA-92EF-8D79002CD802}.Release|Any CPU.ActiveCfg = Release|Any CPU
		{8E4FF55C-AF2F-41CA-92EF-8D79002CD802}.Release|Any CPU.Build.0 = Release|Any CPU
		{8E4FF55C-AF2F-41CA-92EF-8D79002CD802}.Release|x64.ActiveCfg = Release|Any CPU
		{8E4FF55C-AF2F-41CA-92EF-8D79002CD802}.Release|x64.Build.0 = Release|Any CPU
		{8E4FF55C-AF2F-41CA-92EF-8D79002CD802}.Release|x86.ActiveCfg = Release|Any CPU
		{8E4FF55C-AF2F-41CA-92EF-8D79002CD802}.Release|x86.Build.0 = Release|Any CPU
		{09CB0829-072D-4CA6-87B4-1FA005693854}.Debug|Any CPU.ActiveCfg = Debug|Any CPU
		{09CB0829-072D-4CA6-87B4-1FA005693854}.Debug|Any CPU.Build.0 = Debug|Any CPU
		{09CB0829-072D-4CA6-87B4-1FA005693854}.Debug|x64.ActiveCfg = Debug|Any CPU
		{09CB0829-072D-4CA6-87B4-1FA005693854}.Debug|x64.Build.0 = Debug|Any CPU
		{09CB0829-072D-4CA6-87B4-1FA005693854}.Debug|x86.ActiveCfg = Debug|Any CPU
		{09CB0829-072D-4CA6-87B4-1FA005693854}.Debug|x86.Build.0 = Debug|Any CPU
		{09CB0829-072D-4CA6-87B4-1FA005693854}.Release|Any CPU.ActiveCfg = Release|Any CPU
		{09CB0829-072D-4CA6-87B4-1FA005693854}.Release|Any CPU.Build.0 = Release|Any CPU
		{09CB0829-072D-4CA6-87B4-1FA005693854}.Release|x64.ActiveCfg = Release|Any CPU
		{09CB0829-072D-4CA6-87B4-1FA005693854}.Release|x64.Build.0 = Release|Any CPU
		{09CB0829-072D-4CA6-87B4-1FA005693854}.Release|x86.ActiveCfg = Release|Any CPU
		{09CB0829-072D-4CA6-87B4-1FA005693854}.Release|x86.Build.0 = Release|Any CPU
		{96EACDD4-24F4-4886-9B47-AC46DA4A1145}.Debug|Any CPU.ActiveCfg = Debug|Any CPU
		{96EACDD4-24F4-4886-9B47-AC46DA4A1145}.Debug|Any CPU.Build.0 = Debug|Any CPU
		{96EACDD4-24F4-4886-9B47-AC46DA4A1145}.Debug|x64.ActiveCfg = Debug|Any CPU
		{96EACDD4-24F4-4886-9B47-AC46DA4A1145}.Debug|x64.Build.0 = Debug|Any CPU
		{96EACDD4-24F4-4886-9B47-AC46DA4A1145}.Debug|x86.ActiveCfg = Debug|Any CPU
		{96EACDD4-24F4-4886-9B47-AC46DA4A1145}.Debug|x86.Build.0 = Debug|Any CPU
		{96EACDD4-24F4-4886-9B47-AC46DA4A1145}.Release|Any CPU.ActiveCfg = Release|Any CPU
		{96EACDD4-24F4-4886-9B47-AC46DA4A1145}.Release|Any CPU.Build.0 = Release|Any CPU
		{96EACDD4-24F4-4886-9B47-AC46DA4A1145}.Release|x64.ActiveCfg = Release|Any CPU
		{96EACDD4-24F4-4886-9B47-AC46DA4A1145}.Release|x64.Build.0 = Release|Any CPU
		{96EACDD4-24F4-4886-9B47-AC46DA4A1145}.Release|x86.ActiveCfg = Release|Any CPU
		{96EACDD4-24F4-4886-9B47-AC46DA4A1145}.Release|x86.Build.0 = Release|Any CPU
		{11A447FE-A03E-40F3-8F59-859B0A10C66A}.Debug|Any CPU.ActiveCfg = Debug|Any CPU
		{11A447FE-A03E-40F3-8F59-859B0A10C66A}.Debug|Any CPU.Build.0 = Debug|Any CPU
		{11A447FE-A03E-40F3-8F59-859B0A10C66A}.Debug|x64.ActiveCfg = Debug|Any CPU
		{11A447FE-A03E-40F3-8F59-859B0A10C66A}.Debug|x64.Build.0 = Debug|Any CPU
		{11A447FE-A03E-40F3-8F59-859B0A10C66A}.Debug|x86.ActiveCfg = Debug|Any CPU
		{11A447FE-A03E-40F3-8F59-859B0A10C66A}.Debug|x86.Build.0 = Debug|Any CPU
		{11A447FE-A03E-40F3-8F59-859B0A10C66A}.Release|Any CPU.ActiveCfg = Release|Any CPU
		{11A447FE-A03E-40F3-8F59-859B0A10C66A}.Release|Any CPU.Build.0 = Release|Any CPU
		{11A447FE-A03E-40F3-8F59-859B0A10C66A}.Release|x64.ActiveCfg = Release|Any CPU
		{11A447FE-A03E-40F3-8F59-859B0A10C66A}.Release|x64.Build.0 = Release|Any CPU
		{11A447FE-A03E-40F3-8F59-859B0A10C66A}.Release|x86.ActiveCfg = Release|Any CPU
		{11A447FE-A03E-40F3-8F59-859B0A10C66A}.Release|x86.Build.0 = Release|Any CPU
		{95DA4173-7BD7-4174-9A54-BF0674B25D09}.Debug|Any CPU.ActiveCfg = Debug|Any CPU
		{95DA4173-7BD7-4174-9A54-BF0674B25D09}.Debug|Any CPU.Build.0 = Debug|Any CPU
		{95DA4173-7BD7-4174-9A54-BF0674B25D09}.Debug|x64.ActiveCfg = Debug|Any CPU
		{95DA4173-7BD7-4174-9A54-BF0674B25D09}.Debug|x64.Build.0 = Debug|Any CPU
		{95DA4173-7BD7-4174-9A54-BF0674B25D09}.Debug|x86.ActiveCfg = Debug|Any CPU
		{95DA4173-7BD7-4174-9A54-BF0674B25D09}.Debug|x86.Build.0 = Debug|Any CPU
		{95DA4173-7BD7-4174-9A54-BF0674B25D09}.Release|Any CPU.ActiveCfg = Release|Any CPU
		{95DA4173-7BD7-4174-9A54-BF0674B25D09}.Release|Any CPU.Build.0 = Release|Any CPU
		{95DA4173-7BD7-4174-9A54-BF0674B25D09}.Release|x64.ActiveCfg = Release|Any CPU
		{95DA4173-7BD7-4174-9A54-BF0674B25D09}.Release|x64.Build.0 = Release|Any CPU
		{95DA4173-7BD7-4174-9A54-BF0674B25D09}.Release|x86.ActiveCfg = Release|Any CPU
		{95DA4173-7BD7-4174-9A54-BF0674B25D09}.Release|x86.Build.0 = Release|Any CPU
		{718F2576-B14A-4BEF-8D0C-8AB07C4B8879}.Debug|Any CPU.ActiveCfg = Debug|Any CPU
		{718F2576-B14A-4BEF-8D0C-8AB07C4B8879}.Debug|Any CPU.Build.0 = Debug|Any CPU
		{718F2576-B14A-4BEF-8D0C-8AB07C4B8879}.Debug|x64.ActiveCfg = Debug|Any CPU
		{718F2576-B14A-4BEF-8D0C-8AB07C4B8879}.Debug|x64.Build.0 = Debug|Any CPU
		{718F2576-B14A-4BEF-8D0C-8AB07C4B8879}.Debug|x86.ActiveCfg = Debug|Any CPU
		{718F2576-B14A-4BEF-8D0C-8AB07C4B8879}.Debug|x86.Build.0 = Debug|Any CPU
		{718F2576-B14A-4BEF-8D0C-8AB07C4B8879}.Release|Any CPU.ActiveCfg = Release|Any CPU
		{718F2576-B14A-4BEF-8D0C-8AB07C4B8879}.Release|Any CPU.Build.0 = Release|Any CPU
		{718F2576-B14A-4BEF-8D0C-8AB07C4B8879}.Release|x64.ActiveCfg = Release|Any CPU
		{718F2576-B14A-4BEF-8D0C-8AB07C4B8879}.Release|x64.Build.0 = Release|Any CPU
		{718F2576-B14A-4BEF-8D0C-8AB07C4B8879}.Release|x86.ActiveCfg = Release|Any CPU
		{718F2576-B14A-4BEF-8D0C-8AB07C4B8879}.Release|x86.Build.0 = Release|Any CPU
		{D9C994AA-DE7B-47D2-B3A4-4575245423E5}.Debug|Any CPU.ActiveCfg = Debug|Any CPU
		{D9C994AA-DE7B-47D2-B3A4-4575245423E5}.Debug|Any CPU.Build.0 = Debug|Any CPU
		{D9C994AA-DE7B-47D2-B3A4-4575245423E5}.Debug|x64.ActiveCfg = Debug|Any CPU
		{D9C994AA-DE7B-47D2-B3A4-4575245423E5}.Debug|x64.Build.0 = Debug|Any CPU
		{D9C994AA-DE7B-47D2-B3A4-4575245423E5}.Debug|x86.ActiveCfg = Debug|Any CPU
		{D9C994AA-DE7B-47D2-B3A4-4575245423E5}.Debug|x86.Build.0 = Debug|Any CPU
		{D9C994AA-DE7B-47D2-B3A4-4575245423E5}.Release|Any CPU.ActiveCfg = Release|Any CPU
		{D9C994AA-DE7B-47D2-B3A4-4575245423E5}.Release|Any CPU.Build.0 = Release|Any CPU
		{D9C994AA-DE7B-47D2-B3A4-4575245423E5}.Release|x64.ActiveCfg = Release|Any CPU
		{D9C994AA-DE7B-47D2-B3A4-4575245423E5}.Release|x64.Build.0 = Release|Any CPU
		{D9C994AA-DE7B-47D2-B3A4-4575245423E5}.Release|x86.ActiveCfg = Release|Any CPU
		{D9C994AA-DE7B-47D2-B3A4-4575245423E5}.Release|x86.Build.0 = Release|Any CPU
		{F342B5BF-1B85-4F71-A5CE-D83C038821CF}.Debug|Any CPU.ActiveCfg = Debug|Any CPU
		{F342B5BF-1B85-4F71-A5CE-D83C038821CF}.Debug|Any CPU.Build.0 = Debug|Any CPU
		{F342B5BF-1B85-4F71-A5CE-D83C038821CF}.Debug|x64.ActiveCfg = Debug|Any CPU
		{F342B5BF-1B85-4F71-A5CE-D83C038821CF}.Debug|x64.Build.0 = Debug|Any CPU
		{F342B5BF-1B85-4F71-A5CE-D83C038821CF}.Debug|x86.ActiveCfg = Debug|Any CPU
		{F342B5BF-1B85-4F71-A5CE-D83C038821CF}.Debug|x86.Build.0 = Debug|Any CPU
		{F342B5BF-1B85-4F71-A5CE-D83C038821CF}.Release|Any CPU.ActiveCfg = Release|Any CPU
		{F342B5BF-1B85-4F71-A5CE-D83C038821CF}.Release|Any CPU.Build.0 = Release|Any CPU
		{F342B5BF-1B85-4F71-A5CE-D83C038821CF}.Release|x64.ActiveCfg = Release|Any CPU
		{F342B5BF-1B85-4F71-A5CE-D83C038821CF}.Release|x64.Build.0 = Release|Any CPU
		{F342B5BF-1B85-4F71-A5CE-D83C038821CF}.Release|x86.ActiveCfg = Release|Any CPU
		{F342B5BF-1B85-4F71-A5CE-D83C038821CF}.Release|x86.Build.0 = Release|Any CPU
		{83BECB43-EFE4-477D-A422-D83309C86746}.Debug|Any CPU.ActiveCfg = Debug|Any CPU
		{83BECB43-EFE4-477D-A422-D83309C86746}.Debug|Any CPU.Build.0 = Debug|Any CPU
		{83BECB43-EFE4-477D-A422-D83309C86746}.Debug|x64.ActiveCfg = Debug|Any CPU
		{83BECB43-EFE4-477D-A422-D83309C86746}.Debug|x64.Build.0 = Debug|Any CPU
		{83BECB43-EFE4-477D-A422-D83309C86746}.Debug|x86.ActiveCfg = Debug|Any CPU
		{83BECB43-EFE4-477D-A422-D83309C86746}.Debug|x86.Build.0 = Debug|Any CPU
		{83BECB43-EFE4-477D-A422-D83309C86746}.Release|Any CPU.ActiveCfg = Release|Any CPU
		{83BECB43-EFE4-477D-A422-D83309C86746}.Release|Any CPU.Build.0 = Release|Any CPU
		{83BECB43-EFE4-477D-A422-D83309C86746}.Release|x64.ActiveCfg = Release|Any CPU
		{83BECB43-EFE4-477D-A422-D83309C86746}.Release|x64.Build.0 = Release|Any CPU
		{83BECB43-EFE4-477D-A422-D83309C86746}.Release|x86.ActiveCfg = Release|Any CPU
		{83BECB43-EFE4-477D-A422-D83309C86746}.Release|x86.Build.0 = Release|Any CPU
		{C121BF99-A3C1-4597-864B-BDBBF70E62FF}.Debug|Any CPU.ActiveCfg = Debug|Any CPU
		{C121BF99-A3C1-4597-864B-BDBBF70E62FF}.Debug|Any CPU.Build.0 = Debug|Any CPU
		{C121BF99-A3C1-4597-864B-BDBBF70E62FF}.Debug|x64.ActiveCfg = Debug|Any CPU
		{C121BF99-A3C1-4597-864B-BDBBF70E62FF}.Debug|x64.Build.0 = Debug|Any CPU
		{C121BF99-A3C1-4597-864B-BDBBF70E62FF}.Debug|x86.ActiveCfg = Debug|Any CPU
		{C121BF99-A3C1-4597-864B-BDBBF70E62FF}.Debug|x86.Build.0 = Debug|Any CPU
		{C121BF99-A3C1-4597-864B-BDBBF70E62FF}.Release|Any CPU.ActiveCfg = Release|Any CPU
		{C121BF99-A3C1-4597-864B-BDBBF70E62FF}.Release|Any CPU.Build.0 = Release|Any CPU
		{C121BF99-A3C1-4597-864B-BDBBF70E62FF}.Release|x64.ActiveCfg = Release|Any CPU
		{C121BF99-A3C1-4597-864B-BDBBF70E62FF}.Release|x64.Build.0 = Release|Any CPU
		{C121BF99-A3C1-4597-864B-BDBBF70E62FF}.Release|x86.ActiveCfg = Release|Any CPU
		{C121BF99-A3C1-4597-864B-BDBBF70E62FF}.Release|x86.Build.0 = Release|Any CPU
		{6A554ADA-E828-4CA2-BED9-B56B0C98349C}.Debug|Any CPU.ActiveCfg = Debug|Any CPU
		{6A554ADA-E828-4CA2-BED9-B56B0C98349C}.Debug|Any CPU.Build.0 = Debug|Any CPU
		{6A554ADA-E828-4CA2-BED9-B56B0C98349C}.Debug|x64.ActiveCfg = Debug|Any CPU
		{6A554ADA-E828-4CA2-BED9-B56B0C98349C}.Debug|x64.Build.0 = Debug|Any CPU
		{6A554ADA-E828-4CA2-BED9-B56B0C98349C}.Debug|x86.ActiveCfg = Debug|Any CPU
		{6A554ADA-E828-4CA2-BED9-B56B0C98349C}.Debug|x86.Build.0 = Debug|Any CPU
		{6A554ADA-E828-4CA2-BED9-B56B0C98349C}.Release|Any CPU.ActiveCfg = Release|Any CPU
		{6A554ADA-E828-4CA2-BED9-B56B0C98349C}.Release|Any CPU.Build.0 = Release|Any CPU
		{6A554ADA-E828-4CA2-BED9-B56B0C98349C}.Release|x64.ActiveCfg = Release|Any CPU
		{6A554ADA-E828-4CA2-BED9-B56B0C98349C}.Release|x64.Build.0 = Release|Any CPU
		{6A554ADA-E828-4CA2-BED9-B56B0C98349C}.Release|x86.ActiveCfg = Release|Any CPU
		{6A554ADA-E828-4CA2-BED9-B56B0C98349C}.Release|x86.Build.0 = Release|Any CPU
		{91C8C541-34E3-4885-96F8-956685484A56}.Debug|Any CPU.ActiveCfg = Debug|Any CPU
		{91C8C541-34E3-4885-96F8-956685484A56}.Debug|Any CPU.Build.0 = Debug|Any CPU
		{91C8C541-34E3-4885-96F8-956685484A56}.Debug|x64.ActiveCfg = Debug|Any CPU
		{91C8C541-34E3-4885-96F8-956685484A56}.Debug|x64.Build.0 = Debug|Any CPU
		{91C8C541-34E3-4885-96F8-956685484A56}.Debug|x86.ActiveCfg = Debug|Any CPU
		{91C8C541-34E3-4885-96F8-956685484A56}.Debug|x86.Build.0 = Debug|Any CPU
		{91C8C541-34E3-4885-96F8-956685484A56}.Release|Any CPU.ActiveCfg = Release|Any CPU
		{91C8C541-34E3-4885-96F8-956685484A56}.Release|Any CPU.Build.0 = Release|Any CPU
		{91C8C541-34E3-4885-96F8-956685484A56}.Release|x64.ActiveCfg = Release|Any CPU
		{91C8C541-34E3-4885-96F8-956685484A56}.Release|x64.Build.0 = Release|Any CPU
		{91C8C541-34E3-4885-96F8-956685484A56}.Release|x86.ActiveCfg = Release|Any CPU
		{91C8C541-34E3-4885-96F8-956685484A56}.Release|x86.Build.0 = Release|Any CPU
		{1257AFB9-648E-4767-B827-79BD73E35110}.Debug|Any CPU.ActiveCfg = Debug|Any CPU
		{1257AFB9-648E-4767-B827-79BD73E35110}.Debug|Any CPU.Build.0 = Debug|Any CPU
		{1257AFB9-648E-4767-B827-79BD73E35110}.Debug|x64.ActiveCfg = Debug|Any CPU
		{1257AFB9-648E-4767-B827-79BD73E35110}.Debug|x64.Build.0 = Debug|Any CPU
		{1257AFB9-648E-4767-B827-79BD73E35110}.Debug|x86.ActiveCfg = Debug|Any CPU
		{1257AFB9-648E-4767-B827-79BD73E35110}.Debug|x86.Build.0 = Debug|Any CPU
		{1257AFB9-648E-4767-B827-79BD73E35110}.Release|Any CPU.ActiveCfg = Release|Any CPU
		{1257AFB9-648E-4767-B827-79BD73E35110}.Release|Any CPU.Build.0 = Release|Any CPU
		{1257AFB9-648E-4767-B827-79BD73E35110}.Release|x64.ActiveCfg = Release|Any CPU
		{1257AFB9-648E-4767-B827-79BD73E35110}.Release|x64.Build.0 = Release|Any CPU
		{1257AFB9-648E-4767-B827-79BD73E35110}.Release|x86.ActiveCfg = Release|Any CPU
		{1257AFB9-648E-4767-B827-79BD73E35110}.Release|x86.Build.0 = Release|Any CPU
		{BE9BFC1C-3538-4574-9357-0EAC420B76E7}.Debug|Any CPU.ActiveCfg = Debug|Any CPU
		{BE9BFC1C-3538-4574-9357-0EAC420B76E7}.Debug|Any CPU.Build.0 = Debug|Any CPU
		{BE9BFC1C-3538-4574-9357-0EAC420B76E7}.Debug|x64.ActiveCfg = Debug|Any CPU
		{BE9BFC1C-3538-4574-9357-0EAC420B76E7}.Debug|x64.Build.0 = Debug|Any CPU
		{BE9BFC1C-3538-4574-9357-0EAC420B76E7}.Debug|x86.ActiveCfg = Debug|Any CPU
		{BE9BFC1C-3538-4574-9357-0EAC420B76E7}.Debug|x86.Build.0 = Debug|Any CPU
		{BE9BFC1C-3538-4574-9357-0EAC420B76E7}.Release|Any CPU.ActiveCfg = Release|Any CPU
		{BE9BFC1C-3538-4574-9357-0EAC420B76E7}.Release|Any CPU.Build.0 = Release|Any CPU
		{BE9BFC1C-3538-4574-9357-0EAC420B76E7}.Release|x64.ActiveCfg = Release|Any CPU
		{BE9BFC1C-3538-4574-9357-0EAC420B76E7}.Release|x64.Build.0 = Release|Any CPU
		{BE9BFC1C-3538-4574-9357-0EAC420B76E7}.Release|x86.ActiveCfg = Release|Any CPU
		{BE9BFC1C-3538-4574-9357-0EAC420B76E7}.Release|x86.Build.0 = Release|Any CPU
		{B44E54B1-C2F4-4A85-9DD5-FF43A121C17E}.Debug|Any CPU.ActiveCfg = Debug|Any CPU
		{B44E54B1-C2F4-4A85-9DD5-FF43A121C17E}.Debug|Any CPU.Build.0 = Debug|Any CPU
		{B44E54B1-C2F4-4A85-9DD5-FF43A121C17E}.Debug|x64.ActiveCfg = Debug|Any CPU
		{B44E54B1-C2F4-4A85-9DD5-FF43A121C17E}.Debug|x64.Build.0 = Debug|Any CPU
		{B44E54B1-C2F4-4A85-9DD5-FF43A121C17E}.Debug|x86.ActiveCfg = Debug|Any CPU
		{B44E54B1-C2F4-4A85-9DD5-FF43A121C17E}.Debug|x86.Build.0 = Debug|Any CPU
		{B44E54B1-C2F4-4A85-9DD5-FF43A121C17E}.Release|Any CPU.ActiveCfg = Release|Any CPU
		{B44E54B1-C2F4-4A85-9DD5-FF43A121C17E}.Release|Any CPU.Build.0 = Release|Any CPU
		{B44E54B1-C2F4-4A85-9DD5-FF43A121C17E}.Release|x64.ActiveCfg = Release|Any CPU
		{B44E54B1-C2F4-4A85-9DD5-FF43A121C17E}.Release|x64.Build.0 = Release|Any CPU
		{B44E54B1-C2F4-4A85-9DD5-FF43A121C17E}.Release|x86.ActiveCfg = Release|Any CPU
		{B44E54B1-C2F4-4A85-9DD5-FF43A121C17E}.Release|x86.Build.0 = Release|Any CPU
		{54736A03-5754-4644-AFBB-638121E3BE18}.Debug|Any CPU.ActiveCfg = Debug|Any CPU
		{54736A03-5754-4644-AFBB-638121E3BE18}.Debug|Any CPU.Build.0 = Debug|Any CPU
		{54736A03-5754-4644-AFBB-638121E3BE18}.Debug|x64.ActiveCfg = Debug|Any CPU
		{54736A03-5754-4644-AFBB-638121E3BE18}.Debug|x64.Build.0 = Debug|Any CPU
		{54736A03-5754-4644-AFBB-638121E3BE18}.Debug|x86.ActiveCfg = Debug|Any CPU
		{54736A03-5754-4644-AFBB-638121E3BE18}.Debug|x86.Build.0 = Debug|Any CPU
		{54736A03-5754-4644-AFBB-638121E3BE18}.Release|Any CPU.ActiveCfg = Release|Any CPU
		{54736A03-5754-4644-AFBB-638121E3BE18}.Release|Any CPU.Build.0 = Release|Any CPU
		{54736A03-5754-4644-AFBB-638121E3BE18}.Release|x64.ActiveCfg = Release|Any CPU
		{54736A03-5754-4644-AFBB-638121E3BE18}.Release|x64.Build.0 = Release|Any CPU
		{54736A03-5754-4644-AFBB-638121E3BE18}.Release|x86.ActiveCfg = Release|Any CPU
		{54736A03-5754-4644-AFBB-638121E3BE18}.Release|x86.Build.0 = Release|Any CPU
		{F9037CBD-9403-46F7-AD24-10013CC4BE81}.Debug|Any CPU.ActiveCfg = Debug|Any CPU
		{F9037CBD-9403-46F7-AD24-10013CC4BE81}.Debug|Any CPU.Build.0 = Debug|Any CPU
		{F9037CBD-9403-46F7-AD24-10013CC4BE81}.Debug|x64.ActiveCfg = Debug|Any CPU
		{F9037CBD-9403-46F7-AD24-10013CC4BE81}.Debug|x64.Build.0 = Debug|Any CPU
		{F9037CBD-9403-46F7-AD24-10013CC4BE81}.Debug|x86.ActiveCfg = Debug|Any CPU
		{F9037CBD-9403-46F7-AD24-10013CC4BE81}.Debug|x86.Build.0 = Debug|Any CPU
		{F9037CBD-9403-46F7-AD24-10013CC4BE81}.Release|Any CPU.ActiveCfg = Release|Any CPU
		{F9037CBD-9403-46F7-AD24-10013CC4BE81}.Release|Any CPU.Build.0 = Release|Any CPU
		{F9037CBD-9403-46F7-AD24-10013CC4BE81}.Release|x64.ActiveCfg = Release|Any CPU
		{F9037CBD-9403-46F7-AD24-10013CC4BE81}.Release|x64.Build.0 = Release|Any CPU
		{F9037CBD-9403-46F7-AD24-10013CC4BE81}.Release|x86.ActiveCfg = Release|Any CPU
		{F9037CBD-9403-46F7-AD24-10013CC4BE81}.Release|x86.Build.0 = Release|Any CPU
		{7BE758EC-78D8-4723-A439-80384A84F4D8}.Debug|Any CPU.ActiveCfg = Debug|Any CPU
		{7BE758EC-78D8-4723-A439-80384A84F4D8}.Debug|Any CPU.Build.0 = Debug|Any CPU
		{7BE758EC-78D8-4723-A439-80384A84F4D8}.Debug|x64.ActiveCfg = Debug|Any CPU
		{7BE758EC-78D8-4723-A439-80384A84F4D8}.Debug|x64.Build.0 = Debug|Any CPU
		{7BE758EC-78D8-4723-A439-80384A84F4D8}.Debug|x86.ActiveCfg = Debug|Any CPU
		{7BE758EC-78D8-4723-A439-80384A84F4D8}.Debug|x86.Build.0 = Debug|Any CPU
		{7BE758EC-78D8-4723-A439-80384A84F4D8}.Release|Any CPU.ActiveCfg = Release|Any CPU
		{7BE758EC-78D8-4723-A439-80384A84F4D8}.Release|Any CPU.Build.0 = Release|Any CPU
		{7BE758EC-78D8-4723-A439-80384A84F4D8}.Release|x64.ActiveCfg = Release|Any CPU
		{7BE758EC-78D8-4723-A439-80384A84F4D8}.Release|x64.Build.0 = Release|Any CPU
		{7BE758EC-78D8-4723-A439-80384A84F4D8}.Release|x86.ActiveCfg = Release|Any CPU
		{7BE758EC-78D8-4723-A439-80384A84F4D8}.Release|x86.Build.0 = Release|Any CPU
		{B8BB8D79-CABC-40B1-BE66-36A553165B48}.Debug|Any CPU.ActiveCfg = Debug|Any CPU
		{B8BB8D79-CABC-40B1-BE66-36A553165B48}.Debug|Any CPU.Build.0 = Debug|Any CPU
		{B8BB8D79-CABC-40B1-BE66-36A553165B48}.Debug|x64.ActiveCfg = Debug|Any CPU
		{B8BB8D79-CABC-40B1-BE66-36A553165B48}.Debug|x64.Build.0 = Debug|Any CPU
		{B8BB8D79-CABC-40B1-BE66-36A553165B48}.Debug|x86.ActiveCfg = Debug|Any CPU
		{B8BB8D79-CABC-40B1-BE66-36A553165B48}.Debug|x86.Build.0 = Debug|Any CPU
		{B8BB8D79-CABC-40B1-BE66-36A553165B48}.Release|Any CPU.ActiveCfg = Release|Any CPU
		{B8BB8D79-CABC-40B1-BE66-36A553165B48}.Release|Any CPU.Build.0 = Release|Any CPU
		{B8BB8D79-CABC-40B1-BE66-36A553165B48}.Release|x64.ActiveCfg = Release|Any CPU
		{B8BB8D79-CABC-40B1-BE66-36A553165B48}.Release|x64.Build.0 = Release|Any CPU
		{B8BB8D79-CABC-40B1-BE66-36A553165B48}.Release|x86.ActiveCfg = Release|Any CPU
		{B8BB8D79-CABC-40B1-BE66-36A553165B48}.Release|x86.Build.0 = Release|Any CPU
		{DE194E6A-D1F9-4175-81FA-A399E9B5F77D}.Debug|Any CPU.ActiveCfg = Debug|Any CPU
		{DE194E6A-D1F9-4175-81FA-A399E9B5F77D}.Debug|Any CPU.Build.0 = Debug|Any CPU
		{DE194E6A-D1F9-4175-81FA-A399E9B5F77D}.Debug|x64.ActiveCfg = Debug|Any CPU
		{DE194E6A-D1F9-4175-81FA-A399E9B5F77D}.Debug|x64.Build.0 = Debug|Any CPU
		{DE194E6A-D1F9-4175-81FA-A399E9B5F77D}.Debug|x86.ActiveCfg = Debug|Any CPU
		{DE194E6A-D1F9-4175-81FA-A399E9B5F77D}.Debug|x86.Build.0 = Debug|Any CPU
		{DE194E6A-D1F9-4175-81FA-A399E9B5F77D}.Release|Any CPU.ActiveCfg = Release|Any CPU
		{DE194E6A-D1F9-4175-81FA-A399E9B5F77D}.Release|Any CPU.Build.0 = Release|Any CPU
		{DE194E6A-D1F9-4175-81FA-A399E9B5F77D}.Release|x64.ActiveCfg = Release|Any CPU
		{DE194E6A-D1F9-4175-81FA-A399E9B5F77D}.Release|x64.Build.0 = Release|Any CPU
		{DE194E6A-D1F9-4175-81FA-A399E9B5F77D}.Release|x86.ActiveCfg = Release|Any CPU
		{DE194E6A-D1F9-4175-81FA-A399E9B5F77D}.Release|x86.Build.0 = Release|Any CPU
		{B9ECFAF4-34AE-47F2-A241-3720A55F4BBD}.Debug|Any CPU.ActiveCfg = Debug|Any CPU
		{B9ECFAF4-34AE-47F2-A241-3720A55F4BBD}.Debug|Any CPU.Build.0 = Debug|Any CPU
		{B9ECFAF4-34AE-47F2-A241-3720A55F4BBD}.Debug|x64.ActiveCfg = Debug|Any CPU
		{B9ECFAF4-34AE-47F2-A241-3720A55F4BBD}.Debug|x64.Build.0 = Debug|Any CPU
		{B9ECFAF4-34AE-47F2-A241-3720A55F4BBD}.Debug|x86.ActiveCfg = Debug|Any CPU
		{B9ECFAF4-34AE-47F2-A241-3720A55F4BBD}.Debug|x86.Build.0 = Debug|Any CPU
		{B9ECFAF4-34AE-47F2-A241-3720A55F4BBD}.Release|Any CPU.ActiveCfg = Release|Any CPU
		{B9ECFAF4-34AE-47F2-A241-3720A55F4BBD}.Release|Any CPU.Build.0 = Release|Any CPU
		{B9ECFAF4-34AE-47F2-A241-3720A55F4BBD}.Release|x64.ActiveCfg = Release|Any CPU
		{B9ECFAF4-34AE-47F2-A241-3720A55F4BBD}.Release|x64.Build.0 = Release|Any CPU
		{B9ECFAF4-34AE-47F2-A241-3720A55F4BBD}.Release|x86.ActiveCfg = Release|Any CPU
		{B9ECFAF4-34AE-47F2-A241-3720A55F4BBD}.Release|x86.Build.0 = Release|Any CPU
		{4457100E-A1C7-4F56-9998-808ADCBEDB2B}.Debug|Any CPU.ActiveCfg = Debug|Any CPU
		{4457100E-A1C7-4F56-9998-808ADCBEDB2B}.Debug|Any CPU.Build.0 = Debug|Any CPU
		{4457100E-A1C7-4F56-9998-808ADCBEDB2B}.Debug|x64.ActiveCfg = Debug|Any CPU
		{4457100E-A1C7-4F56-9998-808ADCBEDB2B}.Debug|x64.Build.0 = Debug|Any CPU
		{4457100E-A1C7-4F56-9998-808ADCBEDB2B}.Debug|x86.ActiveCfg = Debug|Any CPU
		{4457100E-A1C7-4F56-9998-808ADCBEDB2B}.Debug|x86.Build.0 = Debug|Any CPU
		{4457100E-A1C7-4F56-9998-808ADCBEDB2B}.Release|Any CPU.ActiveCfg = Release|Any CPU
		{4457100E-A1C7-4F56-9998-808ADCBEDB2B}.Release|Any CPU.Build.0 = Release|Any CPU
		{4457100E-A1C7-4F56-9998-808ADCBEDB2B}.Release|x64.ActiveCfg = Release|Any CPU
		{4457100E-A1C7-4F56-9998-808ADCBEDB2B}.Release|x64.Build.0 = Release|Any CPU
		{4457100E-A1C7-4F56-9998-808ADCBEDB2B}.Release|x86.ActiveCfg = Release|Any CPU
		{4457100E-A1C7-4F56-9998-808ADCBEDB2B}.Release|x86.Build.0 = Release|Any CPU
		{EB7707AE-DA9F-4599-A7F9-2C8D74B1BB46}.Debug|Any CPU.ActiveCfg = Debug|Any CPU
		{EB7707AE-DA9F-4599-A7F9-2C8D74B1BB46}.Debug|Any CPU.Build.0 = Debug|Any CPU
		{EB7707AE-DA9F-4599-A7F9-2C8D74B1BB46}.Debug|x64.ActiveCfg = Debug|Any CPU
		{EB7707AE-DA9F-4599-A7F9-2C8D74B1BB46}.Debug|x64.Build.0 = Debug|Any CPU
		{EB7707AE-DA9F-4599-A7F9-2C8D74B1BB46}.Debug|x86.ActiveCfg = Debug|Any CPU
		{EB7707AE-DA9F-4599-A7F9-2C8D74B1BB46}.Debug|x86.Build.0 = Debug|Any CPU
		{EB7707AE-DA9F-4599-A7F9-2C8D74B1BB46}.Release|Any CPU.ActiveCfg = Release|Any CPU
		{EB7707AE-DA9F-4599-A7F9-2C8D74B1BB46}.Release|Any CPU.Build.0 = Release|Any CPU
		{EB7707AE-DA9F-4599-A7F9-2C8D74B1BB46}.Release|x64.ActiveCfg = Release|Any CPU
		{EB7707AE-DA9F-4599-A7F9-2C8D74B1BB46}.Release|x64.Build.0 = Release|Any CPU
		{EB7707AE-DA9F-4599-A7F9-2C8D74B1BB46}.Release|x86.ActiveCfg = Release|Any CPU
		{EB7707AE-DA9F-4599-A7F9-2C8D74B1BB46}.Release|x86.Build.0 = Release|Any CPU
	EndGlobalSection
EndGlobal
