
Microsoft Visual Studio Solution File, Format Version 12.00
# Visual Studio Version 16
VisualStudioVersion = 16.0.29215.179
MinimumVisualStudioVersion = 10.0.40219.1
Project("{9A19103F-16F7-4668-BE54-9A1E7A4F7556}") = "Penguin.Cms.Web.Security.Repositories", "Penguin.Cms.Web.Security.Repositories.csproj", "{1D2E3402-3FF0-4C73-8980-0D32B39705C2}"
EndProject
Global
	GlobalSection(SolutionConfigurationPlatforms) = preSolution
		Debug|Any CPU = Debug|Any CPU
		Release|Any CPU = Release|Any CPU
	EndGlobalSection
	GlobalSection(ProjectConfigurationPlatforms) = postSolution
		{1D2E3402-3FF0-4C73-8980-0D32B39705C2}.Debug|Any CPU.ActiveCfg = Debug|Any CPU
		{1D2E3402-3FF0-4C73-8980-0D32B39705C2}.Debug|Any CPU.Build.0 = Debug|Any CPU
		{1D2E3402-3FF0-4C73-8980-0D32B39705C2}.Release|Any CPU.ActiveCfg = Release|Any CPU
		{1D2E3402-3FF0-4C73-8980-0D32B39705C2}.Release|Any CPU.Build.0 = Release|Any CPU
	EndGlobalSection
	GlobalSection(SolutionProperties) = preSolution
		HideSolutionNode = FALSE
	EndGlobalSection
	GlobalSection(ExtensibilityGlobals) = postSolution
		SolutionGuid = {C32CD954-3316-4695-86FE-C1FDAD1A1804}
	EndGlobalSection
EndGlobal
